// !$*UTF8*$!
{
	archiveVersion = 1;
	classes = {
	};
	objectVersion = 46;
	objects = {

/* Begin PBXBuildFile section */
		E2014C1A1D9BC45D00CA127B /* Alamofire.framework in Frameworks */ = {isa = PBXBuildFile; fileRef = E2014C191D9BC45D00CA127B /* Alamofire.framework */; };
		E2014C351D9BC4C400CA127B /* Alamofire.framework in Frameworks */ = {isa = PBXBuildFile; fileRef = E2014C281D9BC4AD00CA127B /* Alamofire.framework */; };
		E2014C361D9BC4C400CA127B /* Alamofire.framework in Embed Frameworks */ = {isa = PBXBuildFile; fileRef = E2014C281D9BC4AD00CA127B /* Alamofire.framework */; settings = {ATTRIBUTES = (CodeSignOnCopy, RemoveHeadersOnCopy, ); }; };
		E2014C3A1D9BC71200CA127B /* Freddy.framework in Frameworks */ = {isa = PBXBuildFile; fileRef = E2014C391D9BC71200CA127B /* Freddy.framework */; };
		E2014C551D9BC76100CA127B /* Freddy.framework in Frameworks */ = {isa = PBXBuildFile; fileRef = E2014C4A1D9BC72100CA127B /* Freddy.framework */; };
		E2014C561D9BC76100CA127B /* Freddy.framework in Embed Frameworks */ = {isa = PBXBuildFile; fileRef = E2014C4A1D9BC72100CA127B /* Freddy.framework */; settings = {ATTRIBUTES = (CodeSignOnCopy, RemoveHeadersOnCopy, ); }; };
		E2014C5D1D9BE13F00CA127B /* ShareDataUnit.swift in Sources */ = {isa = PBXBuildFile; fileRef = E2014C5C1D9BE13F00CA127B /* ShareDataUnit.swift */; };
		E2031E871D8ED1370076477B /* NewToDoFormViewController.swift in Sources */ = {isa = PBXBuildFile; fileRef = E2031E861D8ED1370076477B /* NewToDoFormViewController.swift */; };
		E2031E911D8ED2210076477B /* Eureka.framework in Frameworks */ = {isa = PBXBuildFile; fileRef = E2031E8E1D8ED2150076477B /* Eureka.framework */; };
		E2031E921D8ED2210076477B /* Eureka.framework in Embed Frameworks */ = {isa = PBXBuildFile; fileRef = E2031E8E1D8ED2150076477B /* Eureka.framework */; settings = {ATTRIBUTES = (CodeSignOnCopy, RemoveHeadersOnCopy, ); }; };
		E2031E971D8ED4250076477B /* ModifyToDoFormViewController.swift in Sources */ = {isa = PBXBuildFile; fileRef = E2031E961D8ED4250076477B /* ModifyToDoFormViewController.swift */; };
		E2033DC61D9EA66200E8D3A9 /* WebDispatchFunctions.swift in Sources */ = {isa = PBXBuildFile; fileRef = E2033DC51D9EA66200E8D3A9 /* WebDispatchFunctions.swift */; };
		E2033DDD1DA14EF600E8D3A9 /* TutorialOnboard.storyboard in Resources */ = {isa = PBXBuildFile; fileRef = E2033DDC1DA14EF600E8D3A9 /* TutorialOnboard.storyboard */; };
		E20467C61D9928C900F5B5A8 /* UIStoryboardSegueFromTop.swift in Sources */ = {isa = PBXBuildFile; fileRef = E20467C51D9928C900F5B5A8 /* UIStoryboardSegueFromTop.swift */; };
		E205BE0A1D896A1A00A55C17 /* GlobalFunctionsAndExtensions.swift in Sources */ = {isa = PBXBuildFile; fileRef = E205BE001D896A1A00A55C17 /* GlobalFunctionsAndExtensions.swift */; };
		E205BE0B1D896A1A00A55C17 /* JTAppleCalendarDelegates.swift in Sources */ = {isa = PBXBuildFile; fileRef = E205BE021D896A1A00A55C17 /* JTAppleCalendarDelegates.swift */; };
		E205BE0C1D896A1A00A55C17 /* JTAppleCalendarLayout.swift in Sources */ = {isa = PBXBuildFile; fileRef = E205BE031D896A1A00A55C17 /* JTAppleCalendarLayout.swift */; };
		E205BE0D1D896A1A00A55C17 /* JTAppleCalendarView.swift in Sources */ = {isa = PBXBuildFile; fileRef = E205BE041D896A1A00A55C17 /* JTAppleCalendarView.swift */; };
		E205BE0E1D896A1A00A55C17 /* JTAppleCollectionReusableView.swift in Sources */ = {isa = PBXBuildFile; fileRef = E205BE051D896A1A00A55C17 /* JTAppleCollectionReusableView.swift */; };
		E205BE0F1D896A1A00A55C17 /* JTAppleDayCell.swift in Sources */ = {isa = PBXBuildFile; fileRef = E205BE061D896A1A00A55C17 /* JTAppleDayCell.swift */; };
		E205BE101D896A1A00A55C17 /* JTAppleViews.swift in Sources */ = {isa = PBXBuildFile; fileRef = E205BE071D896A1A00A55C17 /* JTAppleViews.swift */; };
		E205BE111D896A1A00A55C17 /* JTCalendarProtocols.swift in Sources */ = {isa = PBXBuildFile; fileRef = E205BE081D896A1A00A55C17 /* JTCalendarProtocols.swift */; };
		E205BE121D896A1A00A55C17 /* UserInteractionFunctions.swift in Sources */ = {isa = PBXBuildFile; fileRef = E205BE091D896A1A00A55C17 /* UserInteractionFunctions.swift */; };
		E21F17851D7E94DC0049BE32 /* QuartzCore.framework in Frameworks */ = {isa = PBXBuildFile; fileRef = E21F17841D7E94DC0049BE32 /* QuartzCore.framework */; };
		E21F17871D7EA4550049BE32 /* TodaysSummaryViewController.swift in Sources */ = {isa = PBXBuildFile; fileRef = E21F17861D7EA4550049BE32 /* TodaysSummaryViewController.swift */; };
		E229B8D71D81A27D006DF4E4 /* FriendSummaryViewController.swift in Sources */ = {isa = PBXBuildFile; fileRef = E229B8D61D81A27D006DF4E4 /* FriendSummaryViewController.swift */; };
		E229B8D91D81A2CF006DF4E4 /* FriendsTableViewCell.swift in Sources */ = {isa = PBXBuildFile; fileRef = E229B8D81D81A2CF006DF4E4 /* FriendsTableViewCell.swift */; };
		E242A8371D93897C00DF5C64 /* QuickToDoFormViewController.swift in Sources */ = {isa = PBXBuildFile; fileRef = E242A8361D93897C00DF5C64 /* QuickToDoFormViewController.swift */; };
		E245C9871DA60CF000F29B51 /* TaskDataUnit.swift in Sources */ = {isa = PBXBuildFile; fileRef = E245C9861DA60CF000F29B51 /* TaskDataUnit.swift */; };
		E245C98B1DA60E7D00F29B51 /* WidgetTableViewCell.swift in Sources */ = {isa = PBXBuildFile; fileRef = E245C98A1DA60E7D00F29B51 /* WidgetTableViewCell.swift */; };
		E245C98D1DA6262D00F29B51 /* ToDoFileManager.swift in Sources */ = {isa = PBXBuildFile; fileRef = E245C98C1DA6262D00F29B51 /* ToDoFileManager.swift */; };
		E245C98F1DA6658000F29B51 /* PushNotificationManager.swift in Sources */ = {isa = PBXBuildFile; fileRef = E245C98E1DA6658000F29B51 /* PushNotificationManager.swift */; };
		E245C9911DA681F400F29B51 /* ToDoFileManager.swift in Sources */ = {isa = PBXBuildFile; fileRef = E245C9901DA681F400F29B51 /* ToDoFileManager.swift */; };
		E245C9921DA6822A00F29B51 /* Freddy.framework in Frameworks */ = {isa = PBXBuildFile; fileRef = E2014C4A1D9BC72100CA127B /* Freddy.framework */; };
		E25032AE1D803D250010C9F4 /* UIViewController.swift in Sources */ = {isa = PBXBuildFile; fileRef = E25032AD1D803D250010C9F4 /* UIViewController.swift */; };
		E262677D1D82F47F0001F156 /* ToDoCell.swift in Sources */ = {isa = PBXBuildFile; fileRef = E262677C1D82F47F0001F156 /* ToDoCell.swift */; };
		E26CA1B41DB0EA1B004069D8 /* UserData.swift in Sources */ = {isa = PBXBuildFile; fileRef = E26CA1B31DB0EA1B004069D8 /* UserData.swift */; };
		E26D1E4A1DA544CC00F3E95C /* NotificationCenter.framework in Frameworks */ = {isa = PBXBuildFile; fileRef = E26D1E491DA544CC00F3E95C /* NotificationCenter.framework */; };
		E26D1E4D1DA544CC00F3E95C /* TodayViewController.swift in Sources */ = {isa = PBXBuildFile; fileRef = E26D1E4C1DA544CC00F3E95C /* TodayViewController.swift */; };
		E26D1E501DA544CC00F3E95C /* MainInterface.storyboard in Resources */ = {isa = PBXBuildFile; fileRef = E26D1E4E1DA544CC00F3E95C /* MainInterface.storyboard */; };
		E26D1E541DA544CC00F3E95C /* MoDoListWidget.appex in Embed App Extensions */ = {isa = PBXBuildFile; fileRef = E26D1E471DA544CC00F3E95C /* MoDoListWidget.appex */; settings = {ATTRIBUTES = (RemoveHeadersOnCopy, ); }; };
		E27302C31DA2A325003D7203 /* DoneViewController.swift in Sources */ = {isa = PBXBuildFile; fileRef = E27302C21DA2A325003D7203 /* DoneViewController.swift */; };
		E27FD3781DAF6FCA00F0644B /* ShareFormViewController.swift in Sources */ = {isa = PBXBuildFile; fileRef = E27FD3771DAF6FCA00F0644B /* ShareFormViewController.swift */; };
		E2A08C341DB1102600641749 /* OnboardViewController.swift in Sources */ = {isa = PBXBuildFile; fileRef = E2A08C331DB1102600641749 /* OnboardViewController.swift */; };
		E2A08C4A1DB11BE600641749 /* Onboard_2.png in Resources */ = {isa = PBXBuildFile; fileRef = E2A08C451DB11BE600641749 /* Onboard_2.png */; };
		E2A08C4B1DB11BE600641749 /* Onboard_3.png in Resources */ = {isa = PBXBuildFile; fileRef = E2A08C461DB11BE600641749 /* Onboard_3.png */; };
		E2A08C4C1DB11BE600641749 /* Onboard_4.png in Resources */ = {isa = PBXBuildFile; fileRef = E2A08C471DB11BE600641749 /* Onboard_4.png */; };
		E2A08C4D1DB11BE600641749 /* Onboard_5.png in Resources */ = {isa = PBXBuildFile; fileRef = E2A08C481DB11BE600641749 /* Onboard_5.png */; };
		E2A08C4E1DB11BE600641749 /* Onboard_6.png in Resources */ = {isa = PBXBuildFile; fileRef = E2A08C491DB11BE600641749 /* Onboard_6.png */; };
		E2A08C501DB11C4500641749 /* LoadingViewController.swift in Sources */ = {isa = PBXBuildFile; fileRef = E2A08C4F1DB11C4500641749 /* LoadingViewController.swift */; };
		E2A08C521DB11FD900641749 /* OnboardOneViewController.swift in Sources */ = {isa = PBXBuildFile; fileRef = E2A08C511DB11FD900641749 /* OnboardOneViewController.swift */; };
		E2A08C541DB11FE500641749 /* OnboardTwoViewController.swift in Sources */ = {isa = PBXBuildFile; fileRef = E2A08C531DB11FE500641749 /* OnboardTwoViewController.swift */; };
		E2A08C561DB11FF900641749 /* OnboardThreeViewController.swift in Sources */ = {isa = PBXBuildFile; fileRef = E2A08C551DB11FF900641749 /* OnboardThreeViewController.swift */; };
		E2A08C581DB1200700641749 /* OnboardFourViewController.swift in Sources */ = {isa = PBXBuildFile; fileRef = E2A08C571DB1200700641749 /* OnboardFourViewController.swift */; };
		E2A08C5A1DB1201700641749 /* OnboardFiveViewController.swift in Sources */ = {isa = PBXBuildFile; fileRef = E2A08C591DB1201700641749 /* OnboardFiveViewController.swift */; };
		E2AC73231D88330D00A1597D /* CalendarViewController.swift in Sources */ = {isa = PBXBuildFile; fileRef = E2AC73221D88330D00A1597D /* CalendarViewController.swift */; };
		E2B542611D90F3940078AE6B /* SwipeCell.swift in Sources */ = {isa = PBXBuildFile; fileRef = E2B542601D90F3940078AE6B /* SwipeCell.swift */; };
		E2B542641D9108E80078AE6B /* SharedViewController.swift in Sources */ = {isa = PBXBuildFile; fileRef = E2B542631D9108E80078AE6B /* SharedViewController.swift */; };
		E2BBBEBF1D7B118D003B58A3 /* AppDelegate.swift in Sources */ = {isa = PBXBuildFile; fileRef = E2BBBEBE1D7B118D003B58A3 /* AppDelegate.swift */; };
		E2BBBEC41D7B118D003B58A3 /* Main.storyboard in Resources */ = {isa = PBXBuildFile; fileRef = E2BBBEC21D7B118D003B58A3 /* Main.storyboard */; };
		E2BBBEC61D7B118D003B58A3 /* Assets.xcassets in Resources */ = {isa = PBXBuildFile; fileRef = E2BBBEC51D7B118D003B58A3 /* Assets.xcassets */; };
		E2BBBEC91D7B118D003B58A3 /* LaunchScreen.storyboard in Resources */ = {isa = PBXBuildFile; fileRef = E2BBBEC71D7B118D003B58A3 /* LaunchScreen.storyboard */; };
		E2BBBED41D7B118D003B58A3 /* MoDoListTests.swift in Sources */ = {isa = PBXBuildFile; fileRef = E2BBBED31D7B118D003B58A3 /* MoDoListTests.swift */; };
		E2BBBEDF1D7B118D003B58A3 /* MoDoListUITests.swift in Sources */ = {isa = PBXBuildFile; fileRef = E2BBBEDE1D7B118D003B58A3 /* MoDoListUITests.swift */; };
		E2BBBFEF1D7C468C003B58A3 /* AccountKit.framework in Frameworks */ = {isa = PBXBuildFile; fileRef = E2BBBEF01D7C468B003B58A3 /* AccountKit.framework */; };
		E2BBBFF01D7C468C003B58A3 /* AccountKitStrings.bundle in Resources */ = {isa = PBXBuildFile; fileRef = E2BBBEF11D7C468B003B58A3 /* AccountKitStrings.bundle */; };
		E2BBBFF11D7C468C003B58A3 /* Bolts.framework in Frameworks */ = {isa = PBXBuildFile; fileRef = E2BBBEF21D7C468B003B58A3 /* Bolts.framework */; };
		E2BBBFF61D7C468C003B58A3 /* FacebookSDKStrings.bundle in Resources */ = {isa = PBXBuildFile; fileRef = E2BBBEF81D7C468B003B58A3 /* FacebookSDKStrings.bundle */; };
		E2BBBFF71D7C468C003B58A3 /* FBAudienceNetwork.framework in Frameworks */ = {isa = PBXBuildFile; fileRef = E2BBBEF91D7C468B003B58A3 /* FBAudienceNetwork.framework */; };
		E2BBBFF81D7C468C003B58A3 /* FBNotifications.framework in Frameworks */ = {isa = PBXBuildFile; fileRef = E2BBBEFA1D7C468B003B58A3 /* FBNotifications.framework */; };
		E2BBBFF91D7C468C003B58A3 /* FBSDKCoreKit.framework in Frameworks */ = {isa = PBXBuildFile; fileRef = E2BBBEFB1D7C468B003B58A3 /* FBSDKCoreKit.framework */; };
		E2BBBFFA1D7C468C003B58A3 /* FBSDKLoginKit.framework in Frameworks */ = {isa = PBXBuildFile; fileRef = E2BBBEFC1D7C468B003B58A3 /* FBSDKLoginKit.framework */; };
		E2BBBFFB1D7C468C003B58A3 /* FBSDKMessengerShareKit.framework in Frameworks */ = {isa = PBXBuildFile; fileRef = E2BBBEFD1D7C468B003B58A3 /* FBSDKMessengerShareKit.framework */; };
		E2BBBFFC1D7C468C003B58A3 /* FBSDKShareKit.framework in Frameworks */ = {isa = PBXBuildFile; fileRef = E2BBBEFE1D7C468B003B58A3 /* FBSDKShareKit.framework */; };
		E2BBC09F1D7C478D003B58A3 /* TodayToDoViewController.swift in Sources */ = {isa = PBXBuildFile; fileRef = E2BBC09C1D7C478D003B58A3 /* TodayToDoViewController.swift */; };
		E2BBC0A01D7C478D003B58A3 /* LeftViewController.swift in Sources */ = {isa = PBXBuildFile; fileRef = E2BBC09D1D7C478D003B58A3 /* LeftViewController.swift */; };
		E2BBC0A11D7C478D003B58A3 /* FriendsViewController.swift in Sources */ = {isa = PBXBuildFile; fileRef = E2BBC09E1D7C478D003B58A3 /* FriendsViewController.swift */; };
		E2BBC0A31D7C479D003B58A3 /* SlideMenuController.swift in Sources */ = {isa = PBXBuildFile; fileRef = E2BBC0A21D7C479D003B58A3 /* SlideMenuController.swift */; };
		E2BBC0A51D7C4A2B003B58A3 /* LeftTableViewCell.swift in Sources */ = {isa = PBXBuildFile; fileRef = E2BBC0A41D7C4A2B003B58A3 /* LeftTableViewCell.swift */; };
		E2D2B3491D8B77F0000BFCB3 /* CoreGraphics.framework in Frameworks */ = {isa = PBXBuildFile; fileRef = E2D2B3481D8B77F0000BFCB3 /* CoreGraphics.framework */; };
		E2FF74D11D8A62FA00EF15E8 /* CellView.swift in Sources */ = {isa = PBXBuildFile; fileRef = E2FF74CF1D8A62FA00EF15E8 /* CellView.swift */; };
		E2FF74D21D8A62FA00EF15E8 /* CellView.xib in Resources */ = {isa = PBXBuildFile; fileRef = E2FF74D01D8A62FA00EF15E8 /* CellView.xib */; };
		E2FF74D41D8A63DE00EF15E8 /* AnimationClass.swift in Sources */ = {isa = PBXBuildFile; fileRef = E2FF74D31D8A63DE00EF15E8 /* AnimationClass.swift */; };
		E2FF74D61D8AA3A700EF15E8 /* TaskDataUnit.swift in Sources */ = {isa = PBXBuildFile; fileRef = E2FF74D51D8AA3A700EF15E8 /* TaskDataUnit.swift */; };
/* End PBXBuildFile section */

/* Begin PBXContainerItemProxy section */
		E2014C271D9BC4AD00CA127B /* PBXContainerItemProxy */ = {
			isa = PBXContainerItemProxy;
			containerPortal = E2014C1C1D9BC4AC00CA127B /* Alamofire.xcodeproj */;
			proxyType = 2;
			remoteGlobalIDString = F8111E3319A95C8B0040E7D1;
			remoteInfo = "Alamofire iOS";
		};
		E2014C291D9BC4AD00CA127B /* PBXContainerItemProxy */ = {
			isa = PBXContainerItemProxy;
			containerPortal = E2014C1C1D9BC4AC00CA127B /* Alamofire.xcodeproj */;
			proxyType = 2;
			remoteGlobalIDString = F8111E3E19A95C8B0040E7D1;
			remoteInfo = "Alamofire iOS Tests";
		};
		E2014C2B1D9BC4AD00CA127B /* PBXContainerItemProxy */ = {
			isa = PBXContainerItemProxy;
			containerPortal = E2014C1C1D9BC4AC00CA127B /* Alamofire.xcodeproj */;
			proxyType = 2;
			remoteGlobalIDString = 4DD67C0B1A5C55C900ED2280;
			remoteInfo = "Alamofire OSX";
		};
		E2014C2D1D9BC4AD00CA127B /* PBXContainerItemProxy */ = {
			isa = PBXContainerItemProxy;
			containerPortal = E2014C1C1D9BC4AC00CA127B /* Alamofire.xcodeproj */;
			proxyType = 2;
			remoteGlobalIDString = F829C6B21A7A94F100A2CD59;
			remoteInfo = "Alamofire OSX Tests";
		};
		E2014C2F1D9BC4AD00CA127B /* PBXContainerItemProxy */ = {
			isa = PBXContainerItemProxy;
			containerPortal = E2014C1C1D9BC4AC00CA127B /* Alamofire.xcodeproj */;
			proxyType = 2;
			remoteGlobalIDString = 4CF626EF1BA7CB3E0011A099;
			remoteInfo = "Alamofire tvOS";
		};
		E2014C311D9BC4AD00CA127B /* PBXContainerItemProxy */ = {
			isa = PBXContainerItemProxy;
			containerPortal = E2014C1C1D9BC4AC00CA127B /* Alamofire.xcodeproj */;
			proxyType = 2;
			remoteGlobalIDString = 4CF626F81BA7CB3E0011A099;
			remoteInfo = "Alamofire tvOS Tests";
		};
		E2014C331D9BC4AD00CA127B /* PBXContainerItemProxy */ = {
			isa = PBXContainerItemProxy;
			containerPortal = E2014C1C1D9BC4AC00CA127B /* Alamofire.xcodeproj */;
			proxyType = 2;
			remoteGlobalIDString = E4202FE01B667AA100C997FB;
			remoteInfo = "Alamofire watchOS";
		};
		E2014C371D9BC4C400CA127B /* PBXContainerItemProxy */ = {
			isa = PBXContainerItemProxy;
			containerPortal = E2014C1C1D9BC4AC00CA127B /* Alamofire.xcodeproj */;
			proxyType = 1;
			remoteGlobalIDString = F8111E3219A95C8B0040E7D1;
			remoteInfo = "Alamofire iOS";
		};
		E2014C451D9BC72100CA127B /* PBXContainerItemProxy */ = {
			isa = PBXContainerItemProxy;
			containerPortal = E2014C3B1D9BC72100CA127B /* Freddy.xcodeproj */;
			proxyType = 2;
			remoteGlobalIDString = DB6ADF3E1C23612000D77BF1;
			remoteInfo = Freddy;
		};
		E2014C471D9BC72100CA127B /* PBXContainerItemProxy */ = {
			isa = PBXContainerItemProxy;
			containerPortal = E2014C3B1D9BC72100CA127B /* Freddy.xcodeproj */;
			proxyType = 2;
			remoteGlobalIDString = DB6ADF471C23612000D77BF1;
			remoteInfo = FreddyTests;
		};
		E2014C491D9BC72100CA127B /* PBXContainerItemProxy */ = {
			isa = PBXContainerItemProxy;
			containerPortal = E2014C3B1D9BC72100CA127B /* Freddy.xcodeproj */;
			proxyType = 2;
			remoteGlobalIDString = DB6ADF1F1C23610B00D77BF1;
			remoteInfo = MobileFreddy;
		};
		E2014C4B1D9BC72100CA127B /* PBXContainerItemProxy */ = {
			isa = PBXContainerItemProxy;
			containerPortal = E2014C3B1D9BC72100CA127B /* Freddy.xcodeproj */;
			proxyType = 2;
			remoteGlobalIDString = DB6ADF291C23610B00D77BF1;
			remoteInfo = MobileFreddyTests;
		};
		E2014C4D1D9BC72100CA127B /* PBXContainerItemProxy */ = {
			isa = PBXContainerItemProxy;
			containerPortal = E2014C3B1D9BC72100CA127B /* Freddy.xcodeproj */;
			proxyType = 2;
			remoteGlobalIDString = DB6ADF5A1C23612900D77BF1;
			remoteInfo = TVFreddy;
		};
		E2014C4F1D9BC72100CA127B /* PBXContainerItemProxy */ = {
			isa = PBXContainerItemProxy;
			containerPortal = E2014C3B1D9BC72100CA127B /* Freddy.xcodeproj */;
			proxyType = 2;
			remoteGlobalIDString = DB6ADF631C23612A00D77BF1;
			remoteInfo = TVFreddyTests;
		};
		E2014C511D9BC72100CA127B /* PBXContainerItemProxy */ = {
			isa = PBXContainerItemProxy;
			containerPortal = E2014C3B1D9BC72100CA127B /* Freddy.xcodeproj */;
			proxyType = 2;
			remoteGlobalIDString = DB6ADF761C23613200D77BF1;
			remoteInfo = NanoFreddy;
		};
		E2014C571D9BC76100CA127B /* PBXContainerItemProxy */ = {
			isa = PBXContainerItemProxy;
			containerPortal = E2014C3B1D9BC72100CA127B /* Freddy.xcodeproj */;
			proxyType = 1;
			remoteGlobalIDString = DB6ADF1E1C23610B00D77BF1;
			remoteInfo = MobileFreddy;
		};
		E2031E8D1D8ED2150076477B /* PBXContainerItemProxy */ = {
			isa = PBXContainerItemProxy;
			containerPortal = E2031E881D8ED2150076477B /* Eureka.xcodeproj */;
			proxyType = 2;
			remoteGlobalIDString = 51729DEB1B9A4F5E004A00EB;
			remoteInfo = Eureka;
		};
		E2031E8F1D8ED2150076477B /* PBXContainerItemProxy */ = {
			isa = PBXContainerItemProxy;
			containerPortal = E2031E881D8ED2150076477B /* Eureka.xcodeproj */;
			proxyType = 2;
			remoteGlobalIDString = 51729DF51B9A4F5E004A00EB;
			remoteInfo = EurekaTests;
		};
		E2031E931D8ED2210076477B /* PBXContainerItemProxy */ = {
			isa = PBXContainerItemProxy;
			containerPortal = E2031E881D8ED2150076477B /* Eureka.xcodeproj */;
			proxyType = 1;
			remoteGlobalIDString = 51729DEA1B9A4F5E004A00EB;
			remoteInfo = Eureka;
		};
		E26D1E521DA544CC00F3E95C /* PBXContainerItemProxy */ = {
			isa = PBXContainerItemProxy;
			containerPortal = E2BBBEB31D7B118D003B58A3 /* Project object */;
			proxyType = 1;
			remoteGlobalIDString = E26D1E461DA544CC00F3E95C;
			remoteInfo = MoDoListWidget;
		};
		E2BBBED01D7B118D003B58A3 /* PBXContainerItemProxy */ = {
			isa = PBXContainerItemProxy;
			containerPortal = E2BBBEB31D7B118D003B58A3 /* Project object */;
			proxyType = 1;
			remoteGlobalIDString = E2BBBEBA1D7B118D003B58A3;
			remoteInfo = MoDoList;
		};
		E2BBBEDB1D7B118D003B58A3 /* PBXContainerItemProxy */ = {
			isa = PBXContainerItemProxy;
			containerPortal = E2BBBEB31D7B118D003B58A3 /* Project object */;
			proxyType = 1;
			remoteGlobalIDString = E2BBBEBA1D7B118D003B58A3;
			remoteInfo = MoDoList;
		};
/* End PBXContainerItemProxy section */

/* Begin PBXCopyFilesBuildPhase section */
		E2031E951D8ED2210076477B /* Embed Frameworks */ = {
			isa = PBXCopyFilesBuildPhase;
			buildActionMask = 2147483647;
			dstPath = "";
			dstSubfolderSpec = 10;
			files = (
				E2031E921D8ED2210076477B /* Eureka.framework in Embed Frameworks */,
				E2014C561D9BC76100CA127B /* Freddy.framework in Embed Frameworks */,
				E2014C361D9BC4C400CA127B /* Alamofire.framework in Embed Frameworks */,
			);
			name = "Embed Frameworks";
			runOnlyForDeploymentPostprocessing = 0;
		};
		E26D1E661DA544CC00F3E95C /* Embed App Extensions */ = {
			isa = PBXCopyFilesBuildPhase;
			buildActionMask = 2147483647;
			dstPath = "";
			dstSubfolderSpec = 13;
			files = (
				E26D1E541DA544CC00F3E95C /* MoDoListWidget.appex in Embed App Extensions */,
			);
			name = "Embed App Extensions";
			runOnlyForDeploymentPostprocessing = 0;
		};
/* End PBXCopyFilesBuildPhase section */

/* Begin PBXFileReference section */
		E2014C191D9BC45D00CA127B /* Alamofire.framework */ = {isa = PBXFileReference; lastKnownFileType = wrapper.framework; path = Alamofire.framework; sourceTree = "<group>"; };
		E2014C1C1D9BC4AC00CA127B /* Alamofire.xcodeproj */ = {isa = PBXFileReference; lastKnownFileType = "wrapper.pb-project"; name = Alamofire.xcodeproj; path = "../../Alamofire-3.5.0/Alamofire.xcodeproj"; sourceTree = "<group>"; };
		E2014C391D9BC71200CA127B /* Freddy.framework */ = {isa = PBXFileReference; lastKnownFileType = wrapper.framework; path = Freddy.framework; sourceTree = "<group>"; };
		E2014C3B1D9BC72100CA127B /* Freddy.xcodeproj */ = {isa = PBXFileReference; lastKnownFileType = "wrapper.pb-project"; name = Freddy.xcodeproj; path = "../../Freddy-2.1.0/Freddy.xcodeproj"; sourceTree = "<group>"; };
		E2014C5C1D9BE13F00CA127B /* ShareDataUnit.swift */ = {isa = PBXFileReference; fileEncoding = 4; lastKnownFileType = sourcecode.swift; path = ShareDataUnit.swift; sourceTree = "<group>"; };
		E2031E861D8ED1370076477B /* NewToDoFormViewController.swift */ = {isa = PBXFileReference; fileEncoding = 4; lastKnownFileType = sourcecode.swift; path = NewToDoFormViewController.swift; sourceTree = "<group>"; };
		E2031E881D8ED2150076477B /* Eureka.xcodeproj */ = {isa = PBXFileReference; lastKnownFileType = "wrapper.pb-project"; name = Eureka.xcodeproj; path = "../../Eureka-master/Eureka.xcodeproj"; sourceTree = "<group>"; };
		E2031E961D8ED4250076477B /* ModifyToDoFormViewController.swift */ = {isa = PBXFileReference; fileEncoding = 4; lastKnownFileType = sourcecode.swift; path = ModifyToDoFormViewController.swift; sourceTree = "<group>"; };
		E2033DC51D9EA66200E8D3A9 /* WebDispatchFunctions.swift */ = {isa = PBXFileReference; fileEncoding = 4; lastKnownFileType = sourcecode.swift; path = WebDispatchFunctions.swift; sourceTree = "<group>"; };
		E2033DDC1DA14EF600E8D3A9 /* TutorialOnboard.storyboard */ = {isa = PBXFileReference; fileEncoding = 4; lastKnownFileType = file.storyboard; path = TutorialOnboard.storyboard; sourceTree = "<group>"; };
		E20467C51D9928C900F5B5A8 /* UIStoryboardSegueFromTop.swift */ = {isa = PBXFileReference; fileEncoding = 4; lastKnownFileType = sourcecode.swift; path = UIStoryboardSegueFromTop.swift; sourceTree = "<group>"; };
		E205BE001D896A1A00A55C17 /* GlobalFunctionsAndExtensions.swift */ = {isa = PBXFileReference; fileEncoding = 4; lastKnownFileType = sourcecode.swift; path = GlobalFunctionsAndExtensions.swift; sourceTree = "<group>"; };
		E205BE021D896A1A00A55C17 /* JTAppleCalendarDelegates.swift */ = {isa = PBXFileReference; fileEncoding = 4; lastKnownFileType = sourcecode.swift; path = JTAppleCalendarDelegates.swift; sourceTree = "<group>"; };
		E205BE031D896A1A00A55C17 /* JTAppleCalendarLayout.swift */ = {isa = PBXFileReference; fileEncoding = 4; lastKnownFileType = sourcecode.swift; path = JTAppleCalendarLayout.swift; sourceTree = "<group>"; };
		E205BE041D896A1A00A55C17 /* JTAppleCalendarView.swift */ = {isa = PBXFileReference; fileEncoding = 4; lastKnownFileType = sourcecode.swift; path = JTAppleCalendarView.swift; sourceTree = "<group>"; };
		E205BE051D896A1A00A55C17 /* JTAppleCollectionReusableView.swift */ = {isa = PBXFileReference; fileEncoding = 4; lastKnownFileType = sourcecode.swift; path = JTAppleCollectionReusableView.swift; sourceTree = "<group>"; };
		E205BE061D896A1A00A55C17 /* JTAppleDayCell.swift */ = {isa = PBXFileReference; fileEncoding = 4; lastKnownFileType = sourcecode.swift; path = JTAppleDayCell.swift; sourceTree = "<group>"; };
		E205BE071D896A1A00A55C17 /* JTAppleViews.swift */ = {isa = PBXFileReference; fileEncoding = 4; lastKnownFileType = sourcecode.swift; path = JTAppleViews.swift; sourceTree = "<group>"; };
		E205BE081D896A1A00A55C17 /* JTCalendarProtocols.swift */ = {isa = PBXFileReference; fileEncoding = 4; lastKnownFileType = sourcecode.swift; path = JTCalendarProtocols.swift; sourceTree = "<group>"; };
		E205BE091D896A1A00A55C17 /* UserInteractionFunctions.swift */ = {isa = PBXFileReference; fileEncoding = 4; lastKnownFileType = sourcecode.swift; path = UserInteractionFunctions.swift; sourceTree = "<group>"; };
		E21F17841D7E94DC0049BE32 /* QuartzCore.framework */ = {isa = PBXFileReference; lastKnownFileType = wrapper.framework; name = QuartzCore.framework; path = System/Library/Frameworks/QuartzCore.framework; sourceTree = SDKROOT; };
		E21F17861D7EA4550049BE32 /* TodaysSummaryViewController.swift */ = {isa = PBXFileReference; fileEncoding = 4; lastKnownFileType = sourcecode.swift; path = TodaysSummaryViewController.swift; sourceTree = "<group>"; };
		E229B8D61D81A27D006DF4E4 /* FriendSummaryViewController.swift */ = {isa = PBXFileReference; fileEncoding = 4; lastKnownFileType = sourcecode.swift; path = FriendSummaryViewController.swift; sourceTree = "<group>"; };
		E229B8D81D81A2CF006DF4E4 /* FriendsTableViewCell.swift */ = {isa = PBXFileReference; fileEncoding = 4; lastKnownFileType = sourcecode.swift; path = FriendsTableViewCell.swift; sourceTree = "<group>"; };
		E242A8361D93897C00DF5C64 /* QuickToDoFormViewController.swift */ = {isa = PBXFileReference; fileEncoding = 4; lastKnownFileType = sourcecode.swift; path = QuickToDoFormViewController.swift; sourceTree = "<group>"; };
		E245C9861DA60CF000F29B51 /* TaskDataUnit.swift */ = {isa = PBXFileReference; fileEncoding = 4; lastKnownFileType = sourcecode.swift; path = TaskDataUnit.swift; sourceTree = "<group>"; };
		E245C98A1DA60E7D00F29B51 /* WidgetTableViewCell.swift */ = {isa = PBXFileReference; fileEncoding = 4; lastKnownFileType = sourcecode.swift; path = WidgetTableViewCell.swift; sourceTree = "<group>"; };
		E245C98C1DA6262D00F29B51 /* ToDoFileManager.swift */ = {isa = PBXFileReference; fileEncoding = 4; lastKnownFileType = sourcecode.swift; path = ToDoFileManager.swift; sourceTree = "<group>"; };
		E245C98E1DA6658000F29B51 /* PushNotificationManager.swift */ = {isa = PBXFileReference; fileEncoding = 4; lastKnownFileType = sourcecode.swift; path = PushNotificationManager.swift; sourceTree = "<group>"; };
		E245C9901DA681F400F29B51 /* ToDoFileManager.swift */ = {isa = PBXFileReference; fileEncoding = 4; lastKnownFileType = sourcecode.swift; path = ToDoFileManager.swift; sourceTree = "<group>"; };
		E245C9931DA6863D00F29B51 /* MoDoList.entitlements */ = {isa = PBXFileReference; lastKnownFileType = text.xml; path = MoDoList.entitlements; sourceTree = "<group>"; };
		E245C9941DA68C2E00F29B51 /* MoDoListWidget.entitlements */ = {isa = PBXFileReference; lastKnownFileType = text.xml; path = MoDoListWidget.entitlements; sourceTree = "<group>"; };
		E25032AD1D803D250010C9F4 /* UIViewController.swift */ = {isa = PBXFileReference; fileEncoding = 4; lastKnownFileType = sourcecode.swift; path = UIViewController.swift; sourceTree = "<group>"; };
		E262677C1D82F47F0001F156 /* ToDoCell.swift */ = {isa = PBXFileReference; fileEncoding = 4; lastKnownFileType = sourcecode.swift; path = ToDoCell.swift; sourceTree = "<group>"; };
		E26CA1B31DB0EA1B004069D8 /* UserData.swift */ = {isa = PBXFileReference; fileEncoding = 4; lastKnownFileType = sourcecode.swift; path = UserData.swift; sourceTree = "<group>"; };
		E26D1E471DA544CC00F3E95C /* MoDoListWidget.appex */ = {isa = PBXFileReference; explicitFileType = "wrapper.app-extension"; includeInIndex = 0; path = MoDoListWidget.appex; sourceTree = BUILT_PRODUCTS_DIR; };
		E26D1E491DA544CC00F3E95C /* NotificationCenter.framework */ = {isa = PBXFileReference; lastKnownFileType = wrapper.framework; name = NotificationCenter.framework; path = System/Library/Frameworks/NotificationCenter.framework; sourceTree = SDKROOT; };
		E26D1E4C1DA544CC00F3E95C /* TodayViewController.swift */ = {isa = PBXFileReference; lastKnownFileType = sourcecode.swift; path = TodayViewController.swift; sourceTree = "<group>"; };
		E26D1E4F1DA544CC00F3E95C /* Base */ = {isa = PBXFileReference; lastKnownFileType = file.storyboard; name = Base; path = Base.lproj/MainInterface.storyboard; sourceTree = "<group>"; };
		E26D1E511DA544CC00F3E95C /* Info.plist */ = {isa = PBXFileReference; lastKnownFileType = text.plist.xml; path = Info.plist; sourceTree = "<group>"; };
		E27302C21DA2A325003D7203 /* DoneViewController.swift */ = {isa = PBXFileReference; fileEncoding = 4; lastKnownFileType = sourcecode.swift; path = DoneViewController.swift; sourceTree = "<group>"; };
		E27FD3771DAF6FCA00F0644B /* ShareFormViewController.swift */ = {isa = PBXFileReference; fileEncoding = 4; lastKnownFileType = sourcecode.swift; path = ShareFormViewController.swift; sourceTree = "<group>"; };
		E2A08C331DB1102600641749 /* OnboardViewController.swift */ = {isa = PBXFileReference; fileEncoding = 4; lastKnownFileType = sourcecode.swift; path = OnboardViewController.swift; sourceTree = "<group>"; };
		E2A08C451DB11BE600641749 /* Onboard_2.png */ = {isa = PBXFileReference; lastKnownFileType = image.png; path = Onboard_2.png; sourceTree = "<group>"; };
		E2A08C461DB11BE600641749 /* Onboard_3.png */ = {isa = PBXFileReference; lastKnownFileType = image.png; path = Onboard_3.png; sourceTree = "<group>"; };
		E2A08C471DB11BE600641749 /* Onboard_4.png */ = {isa = PBXFileReference; lastKnownFileType = image.png; path = Onboard_4.png; sourceTree = "<group>"; };
		E2A08C481DB11BE600641749 /* Onboard_5.png */ = {isa = PBXFileReference; lastKnownFileType = image.png; path = Onboard_5.png; sourceTree = "<group>"; };
		E2A08C491DB11BE600641749 /* Onboard_6.png */ = {isa = PBXFileReference; lastKnownFileType = image.png; path = Onboard_6.png; sourceTree = "<group>"; };
		E2A08C4F1DB11C4500641749 /* LoadingViewController.swift */ = {isa = PBXFileReference; fileEncoding = 4; lastKnownFileType = sourcecode.swift; path = LoadingViewController.swift; sourceTree = "<group>"; };
		E2A08C511DB11FD900641749 /* OnboardOneViewController.swift */ = {isa = PBXFileReference; fileEncoding = 4; lastKnownFileType = sourcecode.swift; path = OnboardOneViewController.swift; sourceTree = "<group>"; };
		E2A08C531DB11FE500641749 /* OnboardTwoViewController.swift */ = {isa = PBXFileReference; fileEncoding = 4; lastKnownFileType = sourcecode.swift; path = OnboardTwoViewController.swift; sourceTree = "<group>"; };
		E2A08C551DB11FF900641749 /* OnboardThreeViewController.swift */ = {isa = PBXFileReference; fileEncoding = 4; lastKnownFileType = sourcecode.swift; path = OnboardThreeViewController.swift; sourceTree = "<group>"; };
		E2A08C571DB1200700641749 /* OnboardFourViewController.swift */ = {isa = PBXFileReference; fileEncoding = 4; lastKnownFileType = sourcecode.swift; path = OnboardFourViewController.swift; sourceTree = "<group>"; };
		E2A08C591DB1201700641749 /* OnboardFiveViewController.swift */ = {isa = PBXFileReference; fileEncoding = 4; lastKnownFileType = sourcecode.swift; path = OnboardFiveViewController.swift; sourceTree = "<group>"; };
		E2AC73221D88330D00A1597D /* CalendarViewController.swift */ = {isa = PBXFileReference; fileEncoding = 4; lastKnownFileType = sourcecode.swift; path = CalendarViewController.swift; sourceTree = "<group>"; };
		E2B542601D90F3940078AE6B /* SwipeCell.swift */ = {isa = PBXFileReference; fileEncoding = 4; lastKnownFileType = sourcecode.swift; path = SwipeCell.swift; sourceTree = "<group>"; };
		E2B542631D9108E80078AE6B /* SharedViewController.swift */ = {isa = PBXFileReference; fileEncoding = 4; lastKnownFileType = sourcecode.swift; path = SharedViewController.swift; sourceTree = "<group>"; };
		E2BBBEBB1D7B118D003B58A3 /* MoDoList.app */ = {isa = PBXFileReference; explicitFileType = wrapper.application; includeInIndex = 0; path = MoDoList.app; sourceTree = BUILT_PRODUCTS_DIR; };
		E2BBBEBE1D7B118D003B58A3 /* AppDelegate.swift */ = {isa = PBXFileReference; lastKnownFileType = sourcecode.swift; path = AppDelegate.swift; sourceTree = "<group>"; };
		E2BBBEC31D7B118D003B58A3 /* Base */ = {isa = PBXFileReference; lastKnownFileType = file.storyboard; name = Base; path = Base.lproj/Main.storyboard; sourceTree = "<group>"; };
		E2BBBEC51D7B118D003B58A3 /* Assets.xcassets */ = {isa = PBXFileReference; lastKnownFileType = folder.assetcatalog; path = Assets.xcassets; sourceTree = "<group>"; };
		E2BBBEC81D7B118D003B58A3 /* Base */ = {isa = PBXFileReference; lastKnownFileType = file.storyboard; name = Base; path = Base.lproj/LaunchScreen.storyboard; sourceTree = "<group>"; };
		E2BBBECA1D7B118D003B58A3 /* Info.plist */ = {isa = PBXFileReference; lastKnownFileType = text.plist.xml; path = Info.plist; sourceTree = "<group>"; };
		E2BBBECF1D7B118D003B58A3 /* MoDoListTests.xctest */ = {isa = PBXFileReference; explicitFileType = wrapper.cfbundle; includeInIndex = 0; path = MoDoListTests.xctest; sourceTree = BUILT_PRODUCTS_DIR; };
		E2BBBED31D7B118D003B58A3 /* MoDoListTests.swift */ = {isa = PBXFileReference; lastKnownFileType = sourcecode.swift; path = MoDoListTests.swift; sourceTree = "<group>"; };
		E2BBBED51D7B118D003B58A3 /* Info.plist */ = {isa = PBXFileReference; lastKnownFileType = text.plist.xml; path = Info.plist; sourceTree = "<group>"; };
		E2BBBEDA1D7B118D003B58A3 /* MoDoListUITests.xctest */ = {isa = PBXFileReference; explicitFileType = wrapper.cfbundle; includeInIndex = 0; path = MoDoListUITests.xctest; sourceTree = BUILT_PRODUCTS_DIR; };
		E2BBBEDE1D7B118D003B58A3 /* MoDoListUITests.swift */ = {isa = PBXFileReference; lastKnownFileType = sourcecode.swift; path = MoDoListUITests.swift; sourceTree = "<group>"; };
		E2BBBEE01D7B118D003B58A3 /* Info.plist */ = {isa = PBXFileReference; lastKnownFileType = text.plist.xml; path = Info.plist; sourceTree = "<group>"; };
		E2BBBEF01D7C468B003B58A3 /* AccountKit.framework */ = {isa = PBXFileReference; lastKnownFileType = wrapper.framework; path = AccountKit.framework; sourceTree = "<group>"; };
		E2BBBEF11D7C468B003B58A3 /* AccountKitStrings.bundle */ = {isa = PBXFileReference; lastKnownFileType = "wrapper.plug-in"; path = AccountKitStrings.bundle; sourceTree = "<group>"; };
		E2BBBEF21D7C468B003B58A3 /* Bolts.framework */ = {isa = PBXFileReference; lastKnownFileType = wrapper.framework; path = Bolts.framework; sourceTree = "<group>"; };
		E2BBBEF81D7C468B003B58A3 /* FacebookSDKStrings.bundle */ = {isa = PBXFileReference; lastKnownFileType = "wrapper.plug-in"; path = FacebookSDKStrings.bundle; sourceTree = "<group>"; };
		E2BBBEF91D7C468B003B58A3 /* FBAudienceNetwork.framework */ = {isa = PBXFileReference; lastKnownFileType = wrapper.framework; path = FBAudienceNetwork.framework; sourceTree = "<group>"; };
		E2BBBEFA1D7C468B003B58A3 /* FBNotifications.framework */ = {isa = PBXFileReference; lastKnownFileType = wrapper.framework; path = FBNotifications.framework; sourceTree = "<group>"; };
		E2BBBEFB1D7C468B003B58A3 /* FBSDKCoreKit.framework */ = {isa = PBXFileReference; lastKnownFileType = wrapper.framework; path = FBSDKCoreKit.framework; sourceTree = "<group>"; };
		E2BBBEFC1D7C468B003B58A3 /* FBSDKLoginKit.framework */ = {isa = PBXFileReference; lastKnownFileType = wrapper.framework; path = FBSDKLoginKit.framework; sourceTree = "<group>"; };
		E2BBBEFD1D7C468B003B58A3 /* FBSDKMessengerShareKit.framework */ = {isa = PBXFileReference; lastKnownFileType = wrapper.framework; path = FBSDKMessengerShareKit.framework; sourceTree = "<group>"; };
		E2BBBEFE1D7C468B003B58A3 /* FBSDKShareKit.framework */ = {isa = PBXFileReference; lastKnownFileType = wrapper.framework; path = FBSDKShareKit.framework; sourceTree = "<group>"; };
		E2BBC09C1D7C478D003B58A3 /* TodayToDoViewController.swift */ = {isa = PBXFileReference; fileEncoding = 4; lastKnownFileType = sourcecode.swift; path = TodayToDoViewController.swift; sourceTree = "<group>"; };
		E2BBC09D1D7C478D003B58A3 /* LeftViewController.swift */ = {isa = PBXFileReference; fileEncoding = 4; lastKnownFileType = sourcecode.swift; path = LeftViewController.swift; sourceTree = "<group>"; };
		E2BBC09E1D7C478D003B58A3 /* FriendsViewController.swift */ = {isa = PBXFileReference; fileEncoding = 4; lastKnownFileType = sourcecode.swift; path = FriendsViewController.swift; sourceTree = "<group>"; };
		E2BBC0A21D7C479D003B58A3 /* SlideMenuController.swift */ = {isa = PBXFileReference; fileEncoding = 4; lastKnownFileType = sourcecode.swift; path = SlideMenuController.swift; sourceTree = "<group>"; };
		E2BBC0A41D7C4A2B003B58A3 /* LeftTableViewCell.swift */ = {isa = PBXFileReference; fileEncoding = 4; lastKnownFileType = sourcecode.swift; path = LeftTableViewCell.swift; sourceTree = "<group>"; };
		E2D2B3481D8B77F0000BFCB3 /* CoreGraphics.framework */ = {isa = PBXFileReference; lastKnownFileType = wrapper.framework; name = CoreGraphics.framework; path = System/Library/Frameworks/CoreGraphics.framework; sourceTree = SDKROOT; };
		E2D2B34A1D8B7846000BFCB3 /* Eureka.framework */ = {isa = PBXFileReference; lastKnownFileType = wrapper.framework; path = Eureka.framework; sourceTree = "<group>"; };
		E2FF74CF1D8A62FA00EF15E8 /* CellView.swift */ = {isa = PBXFileReference; fileEncoding = 4; lastKnownFileType = sourcecode.swift; path = CellView.swift; sourceTree = "<group>"; };
		E2FF74D01D8A62FA00EF15E8 /* CellView.xib */ = {isa = PBXFileReference; fileEncoding = 4; lastKnownFileType = file.xib; path = CellView.xib; sourceTree = "<group>"; };
		E2FF74D31D8A63DE00EF15E8 /* AnimationClass.swift */ = {isa = PBXFileReference; fileEncoding = 4; lastKnownFileType = sourcecode.swift; path = AnimationClass.swift; sourceTree = "<group>"; };
		E2FF74D51D8AA3A700EF15E8 /* TaskDataUnit.swift */ = {isa = PBXFileReference; fileEncoding = 4; lastKnownFileType = sourcecode.swift; path = TaskDataUnit.swift; sourceTree = "<group>"; };
/* End PBXFileReference section */

/* Begin PBXFrameworksBuildPhase section */
		E26D1E441DA544CC00F3E95C /* Frameworks */ = {
			isa = PBXFrameworksBuildPhase;
			buildActionMask = 2147483647;
			files = (
				E245C9921DA6822A00F29B51 /* Freddy.framework in Frameworks */,
				E26D1E4A1DA544CC00F3E95C /* NotificationCenter.framework in Frameworks */,
			);
			runOnlyForDeploymentPostprocessing = 0;
		};
		E2BBBEB81D7B118D003B58A3 /* Frameworks */ = {
			isa = PBXFrameworksBuildPhase;
			buildActionMask = 2147483647;
			files = (
				E2D2B3491D8B77F0000BFCB3 /* CoreGraphics.framework in Frameworks */,
				E21F17851D7E94DC0049BE32 /* QuartzCore.framework in Frameworks */,
				E2014C3A1D9BC71200CA127B /* Freddy.framework in Frameworks */,
				E2014C351D9BC4C400CA127B /* Alamofire.framework in Frameworks */,
				E2BBBFFC1D7C468C003B58A3 /* FBSDKShareKit.framework in Frameworks */,
				E2BBBFF91D7C468C003B58A3 /* FBSDKCoreKit.framework in Frameworks */,
				E2BBBFF71D7C468C003B58A3 /* FBAudienceNetwork.framework in Frameworks */,
				E2BBBFFA1D7C468C003B58A3 /* FBSDKLoginKit.framework in Frameworks */,
				E2BBBFEF1D7C468C003B58A3 /* AccountKit.framework in Frameworks */,
				E2014C1A1D9BC45D00CA127B /* Alamofire.framework in Frameworks */,
				E2014C551D9BC76100CA127B /* Freddy.framework in Frameworks */,
				E2BBBFF11D7C468C003B58A3 /* Bolts.framework in Frameworks */,
				E2031E911D8ED2210076477B /* Eureka.framework in Frameworks */,
				E2BBBFF81D7C468C003B58A3 /* FBNotifications.framework in Frameworks */,
				E2BBBFFB1D7C468C003B58A3 /* FBSDKMessengerShareKit.framework in Frameworks */,
			);
			runOnlyForDeploymentPostprocessing = 0;
		};
		E2BBBECC1D7B118D003B58A3 /* Frameworks */ = {
			isa = PBXFrameworksBuildPhase;
			buildActionMask = 2147483647;
			files = (
			);
			runOnlyForDeploymentPostprocessing = 0;
		};
		E2BBBED71D7B118D003B58A3 /* Frameworks */ = {
			isa = PBXFrameworksBuildPhase;
			buildActionMask = 2147483647;
			files = (
			);
			runOnlyForDeploymentPostprocessing = 0;
		};
/* End PBXFrameworksBuildPhase section */

/* Begin PBXGroup section */
		E2014C1D1D9BC4AC00CA127B /* Products */ = {
			isa = PBXGroup;
			children = (
				E2014C281D9BC4AD00CA127B /* Alamofire.framework */,
				E2014C2A1D9BC4AD00CA127B /* Alamofire iOS Tests.xctest */,
				E2014C2C1D9BC4AD00CA127B /* Alamofire.framework */,
				E2014C2E1D9BC4AD00CA127B /* Alamofire OSX Tests.xctest */,
				E2014C301D9BC4AD00CA127B /* Alamofire.framework */,
				E2014C321D9BC4AD00CA127B /* Alamofire tvOS Tests.xctest */,
				E2014C341D9BC4AD00CA127B /* Alamofire.framework */,
			);
			name = Products;
			sourceTree = "<group>";
		};
		E2014C3C1D9BC72100CA127B /* Products */ = {
			isa = PBXGroup;
			children = (
				E2014C461D9BC72100CA127B /* Freddy.framework */,
				E2014C481D9BC72100CA127B /* FreddyTests.xctest */,
				E2014C4A1D9BC72100CA127B /* Freddy.framework */,
				E2014C4C1D9BC72100CA127B /* MobileFreddyTests.xctest */,
				E2014C4E1D9BC72100CA127B /* Freddy.framework */,
				E2014C501D9BC72100CA127B /* TVFreddyTests.xctest */,
				E2014C521D9BC72100CA127B /* Freddy.framework */,
			);
			name = Products;
			sourceTree = "<group>";
		};
		E2014C591D9BDFC700CA127B /* Data */ = {
			isa = PBXGroup;
			children = (
				E2FF74D51D8AA3A700EF15E8 /* TaskDataUnit.swift */,
				E2014C5C1D9BE13F00CA127B /* ShareDataUnit.swift */,
				E26CA1B31DB0EA1B004069D8 /* UserData.swift */,
			);
			name = Data;
			sourceTree = "<group>";
		};
		E2031E891D8ED2150076477B /* Products */ = {
			isa = PBXGroup;
			children = (
				E2031E8E1D8ED2150076477B /* Eureka.framework */,
				E2031E901D8ED2150076477B /* EurekaTests.xctest */,
			);
			name = Products;
			sourceTree = "<group>";
		};
		E262677E1D82F4950001F156 /* Cells */ = {
			isa = PBXGroup;
			children = (
				E2FF74CE1D8A62FA00EF15E8 /* DateCell */,
				E2BBC0A41D7C4A2B003B58A3 /* LeftTableViewCell.swift */,
				E262677C1D82F47F0001F156 /* ToDoCell.swift */,
				E229B8D81D81A2CF006DF4E4 /* FriendsTableViewCell.swift */,
			);
			name = Cells;
			sourceTree = "<group>";
		};
		E262677F1D82F4AE0001F156 /* ViewController */ = {
			isa = PBXGroup;
			children = (
				E2031E861D8ED1370076477B /* NewToDoFormViewController.swift */,
				E2031E961D8ED4250076477B /* ModifyToDoFormViewController.swift */,
				E242A8361D93897C00DF5C64 /* QuickToDoFormViewController.swift */,
				E27FD3771DAF6FCA00F0644B /* ShareFormViewController.swift */,
				E2BBC09C1D7C478D003B58A3 /* TodayToDoViewController.swift */,
				E2BBC09D1D7C478D003B58A3 /* LeftViewController.swift */,
				E21F17861D7EA4550049BE32 /* TodaysSummaryViewController.swift */,
				E2AC73221D88330D00A1597D /* CalendarViewController.swift */,
				E2BBC09E1D7C478D003B58A3 /* FriendsViewController.swift */,
				E229B8D61D81A27D006DF4E4 /* FriendSummaryViewController.swift */,
				E2B542631D9108E80078AE6B /* SharedViewController.swift */,
				E27302C21DA2A325003D7203 /* DoneViewController.swift */,
			);
			name = ViewController;
			sourceTree = "<group>";
		};
		E26CA1D51DB1017C004069D8 /* Onboard */ = {
			isa = PBXGroup;
			children = (
				E2A08C451DB11BE600641749 /* Onboard_2.png */,
				E2A08C461DB11BE600641749 /* Onboard_3.png */,
				E2A08C471DB11BE600641749 /* Onboard_4.png */,
				E2A08C481DB11BE600641749 /* Onboard_5.png */,
				E2A08C491DB11BE600641749 /* Onboard_6.png */,
				E2A08C331DB1102600641749 /* OnboardViewController.swift */,
				E2A08C4F1DB11C4500641749 /* LoadingViewController.swift */,
				E2A08C511DB11FD900641749 /* OnboardOneViewController.swift */,
				E2A08C531DB11FE500641749 /* OnboardTwoViewController.swift */,
				E2A08C551DB11FF900641749 /* OnboardThreeViewController.swift */,
				E2A08C571DB1200700641749 /* OnboardFourViewController.swift */,
				E2A08C591DB1201700641749 /* OnboardFiveViewController.swift */,
			);
			name = Onboard;
			sourceTree = "<group>";
		};
		E26D1E481DA544CC00F3E95C /* Frameworks */ = {
			isa = PBXGroup;
			children = (
				E26D1E491DA544CC00F3E95C /* NotificationCenter.framework */,
			);
			name = Frameworks;
			sourceTree = "<group>";
		};
		E26D1E4B1DA544CC00F3E95C /* MoDoListWidget */ = {
			isa = PBXGroup;
			children = (
				E245C9941DA68C2E00F29B51 /* MoDoListWidget.entitlements */,
				E245C9901DA681F400F29B51 /* ToDoFileManager.swift */,
				E245C9861DA60CF000F29B51 /* TaskDataUnit.swift */,
				E26D1E4C1DA544CC00F3E95C /* TodayViewController.swift */,
				E245C98A1DA60E7D00F29B51 /* WidgetTableViewCell.swift */,
				E26D1E4E1DA544CC00F3E95C /* MainInterface.storyboard */,
				E26D1E511DA544CC00F3E95C /* Info.plist */,
			);
			path = MoDoListWidget;
			sourceTree = "<group>";
		};
		E2BBBEB21D7B118D003B58A3 = {
			isa = PBXGroup;
			children = (
				E2BBBEBD1D7B118D003B58A3 /* MoDoList */,
				E2BBBED21D7B118D003B58A3 /* MoDoListTests */,
				E2BBBEDD1D7B118D003B58A3 /* MoDoListUITests */,
				E26D1E4B1DA544CC00F3E95C /* MoDoListWidget */,
				E26D1E481DA544CC00F3E95C /* Frameworks */,
				E2BBBEBC1D7B118D003B58A3 /* Products */,
			);
			sourceTree = "<group>";
		};
		E2BBBEBC1D7B118D003B58A3 /* Products */ = {
			isa = PBXGroup;
			children = (
				E2BBBEBB1D7B118D003B58A3 /* MoDoList.app */,
				E2BBBECF1D7B118D003B58A3 /* MoDoListTests.xctest */,
				E2BBBEDA1D7B118D003B58A3 /* MoDoListUITests.xctest */,
				E26D1E471DA544CC00F3E95C /* MoDoListWidget.appex */,
			);
			name = Products;
			sourceTree = "<group>";
		};
		E2BBBEBD1D7B118D003B58A3 /* MoDoList */ = {
			isa = PBXGroup;
			children = (
				E245C9931DA6863D00F29B51 /* MoDoList.entitlements */,
				E2BBBEED1D7B11DA003B58A3 /* Module */,
				E2BBBEEC1D7B11CD003B58A3 /* Views */,
				E2014C591D9BDFC700CA127B /* Data */,
				E2033DC51D9EA66200E8D3A9 /* WebDispatchFunctions.swift */,
				E245C98E1DA6658000F29B51 /* PushNotificationManager.swift */,
				E245C98C1DA6262D00F29B51 /* ToDoFileManager.swift */,
				E2BBBEBE1D7B118D003B58A3 /* AppDelegate.swift */,
				E2033DDC1DA14EF600E8D3A9 /* TutorialOnboard.storyboard */,
				E2BBBEC21D7B118D003B58A3 /* Main.storyboard */,
				E2BBBEC71D7B118D003B58A3 /* LaunchScreen.storyboard */,
				E2BBBEC51D7B118D003B58A3 /* Assets.xcassets */,
				E2BBBECA1D7B118D003B58A3 /* Info.plist */,
			);
			path = MoDoList;
			sourceTree = "<group>";
		};
		E2BBBED21D7B118D003B58A3 /* MoDoListTests */ = {
			isa = PBXGroup;
			children = (
				E2BBBED31D7B118D003B58A3 /* MoDoListTests.swift */,
				E2BBBED51D7B118D003B58A3 /* Info.plist */,
			);
			path = MoDoListTests;
			sourceTree = "<group>";
		};
		E2BBBEDD1D7B118D003B58A3 /* MoDoListUITests */ = {
			isa = PBXGroup;
			children = (
				E2BBBEDE1D7B118D003B58A3 /* MoDoListUITests.swift */,
				E2BBBEE01D7B118D003B58A3 /* Info.plist */,
			);
			path = MoDoListUITests;
			sourceTree = "<group>";
		};
		E2BBBEEC1D7B11CD003B58A3 /* Views */ = {
			isa = PBXGroup;
			children = (
				E26CA1D51DB1017C004069D8 /* Onboard */,
				E262677F1D82F4AE0001F156 /* ViewController */,
				E262677E1D82F4950001F156 /* Cells */,
			);
			name = Views;
			sourceTree = "<group>";
		};
		E2BBBEED1D7B11DA003B58A3 /* Module */ = {
			isa = PBXGroup;
			children = (
				E2014C3B1D9BC72100CA127B /* Freddy.xcodeproj */,
				E2014C391D9BC71200CA127B /* Freddy.framework */,
				E2014C1C1D9BC4AC00CA127B /* Alamofire.xcodeproj */,
				E2014C191D9BC45D00CA127B /* Alamofire.framework */,
				E2031E881D8ED2150076477B /* Eureka.xcodeproj */,
				E2D2B34A1D8B7846000BFCB3 /* Eureka.framework */,
				E2D2B3481D8B77F0000BFCB3 /* CoreGraphics.framework */,
				E21F17841D7E94DC0049BE32 /* QuartzCore.framework */,
				E2BBBEEF1D7C468B003B58A3 /* FacebookSDK */,
				E25032AD1D803D250010C9F4 /* UIViewController.swift */,
				E2BBC0A21D7C479D003B58A3 /* SlideMenuController.swift */,
				E205BE001D896A1A00A55C17 /* GlobalFunctionsAndExtensions.swift */,
				E205BE021D896A1A00A55C17 /* JTAppleCalendarDelegates.swift */,
				E205BE031D896A1A00A55C17 /* JTAppleCalendarLayout.swift */,
				E205BE041D896A1A00A55C17 /* JTAppleCalendarView.swift */,
				E205BE051D896A1A00A55C17 /* JTAppleCollectionReusableView.swift */,
				E205BE061D896A1A00A55C17 /* JTAppleDayCell.swift */,
				E205BE071D896A1A00A55C17 /* JTAppleViews.swift */,
				E205BE081D896A1A00A55C17 /* JTCalendarProtocols.swift */,
				E205BE091D896A1A00A55C17 /* UserInteractionFunctions.swift */,
				E2FF74D31D8A63DE00EF15E8 /* AnimationClass.swift */,
				E2B542601D90F3940078AE6B /* SwipeCell.swift */,
				E20467C51D9928C900F5B5A8 /* UIStoryboardSegueFromTop.swift */,
			);
			name = Module;
			sourceTree = "<group>";
		};
		E2BBBEEF1D7C468B003B58A3 /* FacebookSDK */ = {
			isa = PBXGroup;
			children = (
				E2BBBEF01D7C468B003B58A3 /* AccountKit.framework */,
				E2BBBEF11D7C468B003B58A3 /* AccountKitStrings.bundle */,
				E2BBBEF21D7C468B003B58A3 /* Bolts.framework */,
				E2BBBEF81D7C468B003B58A3 /* FacebookSDKStrings.bundle */,
				E2BBBEF91D7C468B003B58A3 /* FBAudienceNetwork.framework */,
				E2BBBEFA1D7C468B003B58A3 /* FBNotifications.framework */,
				E2BBBEFB1D7C468B003B58A3 /* FBSDKCoreKit.framework */,
				E2BBBEFC1D7C468B003B58A3 /* FBSDKLoginKit.framework */,
				E2BBBEFD1D7C468B003B58A3 /* FBSDKMessengerShareKit.framework */,
				E2BBBEFE1D7C468B003B58A3 /* FBSDKShareKit.framework */,
			);
			path = FacebookSDK;
			sourceTree = "<group>";
		};
		E2FF74CE1D8A62FA00EF15E8 /* DateCell */ = {
			isa = PBXGroup;
			children = (
				E2FF74CF1D8A62FA00EF15E8 /* CellView.swift */,
				E2FF74D01D8A62FA00EF15E8 /* CellView.xib */,
			);
			path = DateCell;
			sourceTree = "<group>";
		};
/* End PBXGroup section */

/* Begin PBXNativeTarget section */
		E26D1E461DA544CC00F3E95C /* MoDoListWidget */ = {
			isa = PBXNativeTarget;
			buildConfigurationList = E26D1E651DA544CC00F3E95C /* Build configuration list for PBXNativeTarget "MoDoListWidget" */;
			buildPhases = (
				E26D1E431DA544CC00F3E95C /* Sources */,
				E26D1E441DA544CC00F3E95C /* Frameworks */,
				E26D1E451DA544CC00F3E95C /* Resources */,
			);
			buildRules = (
			);
			dependencies = (
			);
			name = MoDoListWidget;
			productName = MoDoListWidget;
			productReference = E26D1E471DA544CC00F3E95C /* MoDoListWidget.appex */;
			productType = "com.apple.product-type.app-extension";
		};
		E2BBBEBA1D7B118D003B58A3 /* MoDoList */ = {
			isa = PBXNativeTarget;
			buildConfigurationList = E2BBBEE31D7B118D003B58A3 /* Build configuration list for PBXNativeTarget "MoDoList" */;
			buildPhases = (
				E2BBBEB71D7B118D003B58A3 /* Sources */,
				E2BBBEB81D7B118D003B58A3 /* Frameworks */,
				E2BBBEB91D7B118D003B58A3 /* Resources */,
				E2031E951D8ED2210076477B /* Embed Frameworks */,
				E26D1E661DA544CC00F3E95C /* Embed App Extensions */,
			);
			buildRules = (
			);
			dependencies = (
				E2031E941D8ED2210076477B /* PBXTargetDependency */,
				E2014C381D9BC4C400CA127B /* PBXTargetDependency */,
				E2014C581D9BC76100CA127B /* PBXTargetDependency */,
				E26D1E531DA544CC00F3E95C /* PBXTargetDependency */,
			);
			name = MoDoList;
			productName = MoDoList;
			productReference = E2BBBEBB1D7B118D003B58A3 /* MoDoList.app */;
			productType = "com.apple.product-type.application";
		};
		E2BBBECE1D7B118D003B58A3 /* MoDoListTests */ = {
			isa = PBXNativeTarget;
			buildConfigurationList = E2BBBEE61D7B118D003B58A3 /* Build configuration list for PBXNativeTarget "MoDoListTests" */;
			buildPhases = (
				E2BBBECB1D7B118D003B58A3 /* Sources */,
				E2BBBECC1D7B118D003B58A3 /* Frameworks */,
				E2BBBECD1D7B118D003B58A3 /* Resources */,
			);
			buildRules = (
			);
			dependencies = (
				E2BBBED11D7B118D003B58A3 /* PBXTargetDependency */,
			);
			name = MoDoListTests;
			productName = MoDoListTests;
			productReference = E2BBBECF1D7B118D003B58A3 /* MoDoListTests.xctest */;
			productType = "com.apple.product-type.bundle.unit-test";
		};
		E2BBBED91D7B118D003B58A3 /* MoDoListUITests */ = {
			isa = PBXNativeTarget;
			buildConfigurationList = E2BBBEE91D7B118D003B58A3 /* Build configuration list for PBXNativeTarget "MoDoListUITests" */;
			buildPhases = (
				E2BBBED61D7B118D003B58A3 /* Sources */,
				E2BBBED71D7B118D003B58A3 /* Frameworks */,
				E2BBBED81D7B118D003B58A3 /* Resources */,
			);
			buildRules = (
			);
			dependencies = (
				E2BBBEDC1D7B118D003B58A3 /* PBXTargetDependency */,
			);
			name = MoDoListUITests;
			productName = MoDoListUITests;
			productReference = E2BBBEDA1D7B118D003B58A3 /* MoDoListUITests.xctest */;
			productType = "com.apple.product-type.bundle.ui-testing";
		};
/* End PBXNativeTarget section */

/* Begin PBXProject section */
		E2BBBEB31D7B118D003B58A3 /* Project object */ = {
			isa = PBXProject;
			attributes = {
				LastSwiftUpdateCheck = 0730;
				LastUpgradeCheck = 0730;
				ORGANIZATIONNAME = SilverJun;
				TargetAttributes = {
					E26D1E461DA544CC00F3E95C = {
						CreatedOnToolsVersion = 7.3.1;
						DevelopmentTeam = W57LA57867;
						SystemCapabilities = {
							com.apple.ApplicationGroups.iOS = {
								enabled = 1;
							};
						};
					};
					E2BBBEBA1D7B118D003B58A3 = {
						CreatedOnToolsVersion = 7.3.1;
						DevelopmentTeam = W57LA57867;
						SystemCapabilities = {
							com.apple.ApplicationGroups.iOS = {
								enabled = 1;
							};
							com.apple.Push = {
								enabled = 1;
							};
						};
					};
					E2BBBECE1D7B118D003B58A3 = {
						CreatedOnToolsVersion = 7.3.1;
						TestTargetID = E2BBBEBA1D7B118D003B58A3;
					};
					E2BBBED91D7B118D003B58A3 = {
						CreatedOnToolsVersion = 7.3.1;
						TestTargetID = E2BBBEBA1D7B118D003B58A3;
					};
				};
			};
			buildConfigurationList = E2BBBEB61D7B118D003B58A3 /* Build configuration list for PBXProject "MoDoList" */;
			compatibilityVersion = "Xcode 3.2";
			developmentRegion = English;
			hasScannedForEncodings = 0;
			knownRegions = (
				en,
				Base,
			);
			mainGroup = E2BBBEB21D7B118D003B58A3;
			productRefGroup = E2BBBEBC1D7B118D003B58A3 /* Products */;
			projectDirPath = "";
			projectReferences = (
				{
					ProductGroup = E2014C1D1D9BC4AC00CA127B /* Products */;
					ProjectRef = E2014C1C1D9BC4AC00CA127B /* Alamofire.xcodeproj */;
				},
				{
					ProductGroup = E2031E891D8ED2150076477B /* Products */;
					ProjectRef = E2031E881D8ED2150076477B /* Eureka.xcodeproj */;
				},
				{
					ProductGroup = E2014C3C1D9BC72100CA127B /* Products */;
					ProjectRef = E2014C3B1D9BC72100CA127B /* Freddy.xcodeproj */;
				},
			);
			projectRoot = "";
			targets = (
				E2BBBEBA1D7B118D003B58A3 /* MoDoList */,
				E2BBBECE1D7B118D003B58A3 /* MoDoListTests */,
				E2BBBED91D7B118D003B58A3 /* MoDoListUITests */,
				E26D1E461DA544CC00F3E95C /* MoDoListWidget */,
			);
		};
/* End PBXProject section */

/* Begin PBXReferenceProxy section */
		E2014C281D9BC4AD00CA127B /* Alamofire.framework */ = {
			isa = PBXReferenceProxy;
			fileType = wrapper.framework;
			path = Alamofire.framework;
			remoteRef = E2014C271D9BC4AD00CA127B /* PBXContainerItemProxy */;
			sourceTree = BUILT_PRODUCTS_DIR;
		};
		E2014C2A1D9BC4AD00CA127B /* Alamofire iOS Tests.xctest */ = {
			isa = PBXReferenceProxy;
			fileType = wrapper.cfbundle;
			path = "Alamofire iOS Tests.xctest";
			remoteRef = E2014C291D9BC4AD00CA127B /* PBXContainerItemProxy */;
			sourceTree = BUILT_PRODUCTS_DIR;
		};
		E2014C2C1D9BC4AD00CA127B /* Alamofire.framework */ = {
			isa = PBXReferenceProxy;
			fileType = wrapper.framework;
			path = Alamofire.framework;
			remoteRef = E2014C2B1D9BC4AD00CA127B /* PBXContainerItemProxy */;
			sourceTree = BUILT_PRODUCTS_DIR;
		};
		E2014C2E1D9BC4AD00CA127B /* Alamofire OSX Tests.xctest */ = {
			isa = PBXReferenceProxy;
			fileType = wrapper.cfbundle;
			path = "Alamofire OSX Tests.xctest";
			remoteRef = E2014C2D1D9BC4AD00CA127B /* PBXContainerItemProxy */;
			sourceTree = BUILT_PRODUCTS_DIR;
		};
		E2014C301D9BC4AD00CA127B /* Alamofire.framework */ = {
			isa = PBXReferenceProxy;
			fileType = wrapper.framework;
			path = Alamofire.framework;
			remoteRef = E2014C2F1D9BC4AD00CA127B /* PBXContainerItemProxy */;
			sourceTree = BUILT_PRODUCTS_DIR;
		};
		E2014C321D9BC4AD00CA127B /* Alamofire tvOS Tests.xctest */ = {
			isa = PBXReferenceProxy;
			fileType = wrapper.cfbundle;
			path = "Alamofire tvOS Tests.xctest";
			remoteRef = E2014C311D9BC4AD00CA127B /* PBXContainerItemProxy */;
			sourceTree = BUILT_PRODUCTS_DIR;
		};
		E2014C341D9BC4AD00CA127B /* Alamofire.framework */ = {
			isa = PBXReferenceProxy;
			fileType = wrapper.framework;
			path = Alamofire.framework;
			remoteRef = E2014C331D9BC4AD00CA127B /* PBXContainerItemProxy */;
			sourceTree = BUILT_PRODUCTS_DIR;
		};
		E2014C461D9BC72100CA127B /* Freddy.framework */ = {
			isa = PBXReferenceProxy;
			fileType = wrapper.framework;
			path = Freddy.framework;
			remoteRef = E2014C451D9BC72100CA127B /* PBXContainerItemProxy */;
			sourceTree = BUILT_PRODUCTS_DIR;
		};
		E2014C481D9BC72100CA127B /* FreddyTests.xctest */ = {
			isa = PBXReferenceProxy;
			fileType = wrapper.cfbundle;
			path = FreddyTests.xctest;
			remoteRef = E2014C471D9BC72100CA127B /* PBXContainerItemProxy */;
			sourceTree = BUILT_PRODUCTS_DIR;
		};
		E2014C4A1D9BC72100CA127B /* Freddy.framework */ = {
			isa = PBXReferenceProxy;
			fileType = wrapper.framework;
			path = Freddy.framework;
			remoteRef = E2014C491D9BC72100CA127B /* PBXContainerItemProxy */;
			sourceTree = BUILT_PRODUCTS_DIR;
		};
		E2014C4C1D9BC72100CA127B /* MobileFreddyTests.xctest */ = {
			isa = PBXReferenceProxy;
			fileType = wrapper.cfbundle;
			path = MobileFreddyTests.xctest;
			remoteRef = E2014C4B1D9BC72100CA127B /* PBXContainerItemProxy */;
			sourceTree = BUILT_PRODUCTS_DIR;
		};
		E2014C4E1D9BC72100CA127B /* Freddy.framework */ = {
			isa = PBXReferenceProxy;
			fileType = wrapper.framework;
			path = Freddy.framework;
			remoteRef = E2014C4D1D9BC72100CA127B /* PBXContainerItemProxy */;
			sourceTree = BUILT_PRODUCTS_DIR;
		};
		E2014C501D9BC72100CA127B /* TVFreddyTests.xctest */ = {
			isa = PBXReferenceProxy;
			fileType = wrapper.cfbundle;
			path = TVFreddyTests.xctest;
			remoteRef = E2014C4F1D9BC72100CA127B /* PBXContainerItemProxy */;
			sourceTree = BUILT_PRODUCTS_DIR;
		};
		E2014C521D9BC72100CA127B /* Freddy.framework */ = {
			isa = PBXReferenceProxy;
			fileType = wrapper.framework;
			path = Freddy.framework;
			remoteRef = E2014C511D9BC72100CA127B /* PBXContainerItemProxy */;
			sourceTree = BUILT_PRODUCTS_DIR;
		};
		E2031E8E1D8ED2150076477B /* Eureka.framework */ = {
			isa = PBXReferenceProxy;
			fileType = wrapper.framework;
			path = Eureka.framework;
			remoteRef = E2031E8D1D8ED2150076477B /* PBXContainerItemProxy */;
			sourceTree = BUILT_PRODUCTS_DIR;
		};
		E2031E901D8ED2150076477B /* EurekaTests.xctest */ = {
			isa = PBXReferenceProxy;
			fileType = wrapper.cfbundle;
			path = EurekaTests.xctest;
			remoteRef = E2031E8F1D8ED2150076477B /* PBXContainerItemProxy */;
			sourceTree = BUILT_PRODUCTS_DIR;
		};
/* End PBXReferenceProxy section */

/* Begin PBXResourcesBuildPhase section */
		E26D1E451DA544CC00F3E95C /* Resources */ = {
			isa = PBXResourcesBuildPhase;
			buildActionMask = 2147483647;
			files = (
				E26D1E501DA544CC00F3E95C /* MainInterface.storyboard in Resources */,
			);
			runOnlyForDeploymentPostprocessing = 0;
		};
		E2BBBEB91D7B118D003B58A3 /* Resources */ = {
			isa = PBXResourcesBuildPhase;
			buildActionMask = 2147483647;
			files = (
				E2A08C4C1DB11BE600641749 /* Onboard_4.png in Resources */,
				E2A08C4B1DB11BE600641749 /* Onboard_3.png in Resources */,
				E2BBBEC91D7B118D003B58A3 /* LaunchScreen.storyboard in Resources */,
				E2033DDD1DA14EF600E8D3A9 /* TutorialOnboard.storyboard in Resources */,
				E2BBBEC61D7B118D003B58A3 /* Assets.xcassets in Resources */,
				E2BBBEC41D7B118D003B58A3 /* Main.storyboard in Resources */,
				E2A08C4E1DB11BE600641749 /* Onboard_6.png in Resources */,
				E2BBBFF01D7C468C003B58A3 /* AccountKitStrings.bundle in Resources */,
				E2FF74D21D8A62FA00EF15E8 /* CellView.xib in Resources */,
				E2A08C4A1DB11BE600641749 /* Onboard_2.png in Resources */,
				E2BBBFF61D7C468C003B58A3 /* FacebookSDKStrings.bundle in Resources */,
				E2A08C4D1DB11BE600641749 /* Onboard_5.png in Resources */,
			);
			runOnlyForDeploymentPostprocessing = 0;
		};
		E2BBBECD1D7B118D003B58A3 /* Resources */ = {
			isa = PBXResourcesBuildPhase;
			buildActionMask = 2147483647;
			files = (
			);
			runOnlyForDeploymentPostprocessing = 0;
		};
		E2BBBED81D7B118D003B58A3 /* Resources */ = {
			isa = PBXResourcesBuildPhase;
			buildActionMask = 2147483647;
			files = (
			);
			runOnlyForDeploymentPostprocessing = 0;
		};
/* End PBXResourcesBuildPhase section */

/* Begin PBXSourcesBuildPhase section */
		E26D1E431DA544CC00F3E95C /* Sources */ = {
			isa = PBXSourcesBuildPhase;
			buildActionMask = 2147483647;
			files = (
				E245C98B1DA60E7D00F29B51 /* WidgetTableViewCell.swift in Sources */,
				E245C9911DA681F400F29B51 /* ToDoFileManager.swift in Sources */,
				E245C9871DA60CF000F29B51 /* TaskDataUnit.swift in Sources */,
				E26D1E4D1DA544CC00F3E95C /* TodayViewController.swift in Sources */,
			);
			runOnlyForDeploymentPostprocessing = 0;
		};
		E2BBBEB71D7B118D003B58A3 /* Sources */ = {
			isa = PBXSourcesBuildPhase;
			buildActionMask = 2147483647;
			files = (
				E2FF74D11D8A62FA00EF15E8 /* CellView.swift in Sources */,
				E2AC73231D88330D00A1597D /* CalendarViewController.swift in Sources */,
				E2A08C561DB11FF900641749 /* OnboardThreeViewController.swift in Sources */,
				E2B542611D90F3940078AE6B /* SwipeCell.swift in Sources */,
				E2FF74D61D8AA3A700EF15E8 /* TaskDataUnit.swift in Sources */,
				E205BE0B1D896A1A00A55C17 /* JTAppleCalendarDelegates.swift in Sources */,
				E242A8371D93897C00DF5C64 /* QuickToDoFormViewController.swift in Sources */,
				E2033DC61D9EA66200E8D3A9 /* WebDispatchFunctions.swift in Sources */,
				E26CA1B41DB0EA1B004069D8 /* UserData.swift in Sources */,
				E245C98F1DA6658000F29B51 /* PushNotificationManager.swift in Sources */,
				E229B8D91D81A2CF006DF4E4 /* FriendsTableViewCell.swift in Sources */,
				E205BE0A1D896A1A00A55C17 /* GlobalFunctionsAndExtensions.swift in Sources */,
				E2A08C5A1DB1201700641749 /* OnboardFiveViewController.swift in Sources */,
				E2A08C501DB11C4500641749 /* LoadingViewController.swift in Sources */,
				E2BBC0A01D7C478D003B58A3 /* LeftViewController.swift in Sources */,
				E205BE111D896A1A00A55C17 /* JTCalendarProtocols.swift in Sources */,
				E2014C5D1D9BE13F00CA127B /* ShareDataUnit.swift in Sources */,
				E2BBC0A31D7C479D003B58A3 /* SlideMenuController.swift in Sources */,
				E2A08C541DB11FE500641749 /* OnboardTwoViewController.swift in Sources */,
				E205BE101D896A1A00A55C17 /* JTAppleViews.swift in Sources */,
				E2B542641D9108E80078AE6B /* SharedViewController.swift in Sources */,
				E229B8D71D81A27D006DF4E4 /* FriendSummaryViewController.swift in Sources */,
				E27302C31DA2A325003D7203 /* DoneViewController.swift in Sources */,
				E20467C61D9928C900F5B5A8 /* UIStoryboardSegueFromTop.swift in Sources */,
				E2A08C581DB1200700641749 /* OnboardFourViewController.swift in Sources */,
				E262677D1D82F47F0001F156 /* ToDoCell.swift in Sources */,
				E205BE0E1D896A1A00A55C17 /* JTAppleCollectionReusableView.swift in Sources */,
				E2A08C521DB11FD900641749 /* OnboardOneViewController.swift in Sources */,
				E2031E871D8ED1370076477B /* NewToDoFormViewController.swift in Sources */,
				E27FD3781DAF6FCA00F0644B /* ShareFormViewController.swift in Sources */,
				E2BBC0A11D7C478D003B58A3 /* FriendsViewController.swift in Sources */,
				E205BE0D1D896A1A00A55C17 /* JTAppleCalendarView.swift in Sources */,
				E2BBBEBF1D7B118D003B58A3 /* AppDelegate.swift in Sources */,
				E205BE121D896A1A00A55C17 /* UserInteractionFunctions.swift in Sources */,
				E205BE0C1D896A1A00A55C17 /* JTAppleCalendarLayout.swift in Sources */,
				E21F17871D7EA4550049BE32 /* TodaysSummaryViewController.swift in Sources */,
				E2A08C341DB1102600641749 /* OnboardViewController.swift in Sources */,
				E2BBC0A51D7C4A2B003B58A3 /* LeftTableViewCell.swift in Sources */,
				E2FF74D41D8A63DE00EF15E8 /* AnimationClass.swift in Sources */,
				E245C98D1DA6262D00F29B51 /* ToDoFileManager.swift in Sources */,
				E25032AE1D803D250010C9F4 /* UIViewController.swift in Sources */,
				E2BBC09F1D7C478D003B58A3 /* TodayToDoViewController.swift in Sources */,
				E2031E971D8ED4250076477B /* ModifyToDoFormViewController.swift in Sources */,
				E205BE0F1D896A1A00A55C17 /* JTAppleDayCell.swift in Sources */,
			);
			runOnlyForDeploymentPostprocessing = 0;
		};
		E2BBBECB1D7B118D003B58A3 /* Sources */ = {
			isa = PBXSourcesBuildPhase;
			buildActionMask = 2147483647;
			files = (
				E2BBBED41D7B118D003B58A3 /* MoDoListTests.swift in Sources */,
			);
			runOnlyForDeploymentPostprocessing = 0;
		};
		E2BBBED61D7B118D003B58A3 /* Sources */ = {
			isa = PBXSourcesBuildPhase;
			buildActionMask = 2147483647;
			files = (
				E2BBBEDF1D7B118D003B58A3 /* MoDoListUITests.swift in Sources */,
			);
			runOnlyForDeploymentPostprocessing = 0;
		};
/* End PBXSourcesBuildPhase section */

/* Begin PBXTargetDependency section */
		E2014C381D9BC4C400CA127B /* PBXTargetDependency */ = {
			isa = PBXTargetDependency;
			name = "Alamofire iOS";
			targetProxy = E2014C371D9BC4C400CA127B /* PBXContainerItemProxy */;
		};
		E2014C581D9BC76100CA127B /* PBXTargetDependency */ = {
			isa = PBXTargetDependency;
			name = MobileFreddy;
			targetProxy = E2014C571D9BC76100CA127B /* PBXContainerItemProxy */;
		};
		E2031E941D8ED2210076477B /* PBXTargetDependency */ = {
			isa = PBXTargetDependency;
			name = Eureka;
			targetProxy = E2031E931D8ED2210076477B /* PBXContainerItemProxy */;
		};
		E26D1E531DA544CC00F3E95C /* PBXTargetDependency */ = {
			isa = PBXTargetDependency;
			target = E26D1E461DA544CC00F3E95C /* MoDoListWidget */;
			targetProxy = E26D1E521DA544CC00F3E95C /* PBXContainerItemProxy */;
		};
		E2BBBED11D7B118D003B58A3 /* PBXTargetDependency */ = {
			isa = PBXTargetDependency;
			target = E2BBBEBA1D7B118D003B58A3 /* MoDoList */;
			targetProxy = E2BBBED01D7B118D003B58A3 /* PBXContainerItemProxy */;
		};
		E2BBBEDC1D7B118D003B58A3 /* PBXTargetDependency */ = {
			isa = PBXTargetDependency;
			target = E2BBBEBA1D7B118D003B58A3 /* MoDoList */;
			targetProxy = E2BBBEDB1D7B118D003B58A3 /* PBXContainerItemProxy */;
		};
/* End PBXTargetDependency section */

/* Begin PBXVariantGroup section */
		E26D1E4E1DA544CC00F3E95C /* MainInterface.storyboard */ = {
			isa = PBXVariantGroup;
			children = (
				E26D1E4F1DA544CC00F3E95C /* Base */,
			);
			name = MainInterface.storyboard;
			sourceTree = "<group>";
		};
		E2BBBEC21D7B118D003B58A3 /* Main.storyboard */ = {
			isa = PBXVariantGroup;
			children = (
				E2BBBEC31D7B118D003B58A3 /* Base */,
			);
			name = Main.storyboard;
			sourceTree = "<group>";
		};
		E2BBBEC71D7B118D003B58A3 /* LaunchScreen.storyboard */ = {
			isa = PBXVariantGroup;
			children = (
				E2BBBEC81D7B118D003B58A3 /* Base */,
			);
			name = LaunchScreen.storyboard;
			sourceTree = "<group>";
		};
/* End PBXVariantGroup section */

/* Begin XCBuildConfiguration section */
		E26D1E551DA544CC00F3E95C /* Debug */ = {
			isa = XCBuildConfiguration;
			buildSettings = {
				CODE_SIGN_ENTITLEMENTS = MoDoListWidget/MoDoListWidget.entitlements;
				CODE_SIGN_IDENTITY = "iPhone Developer";
				INFOPLIST_FILE = MoDoListWidget/Info.plist;
				IPHONEOS_DEPLOYMENT_TARGET = 8.0;
				LD_RUNPATH_SEARCH_PATHS = "$(inherited) @executable_path/Frameworks @executable_path/../../Frameworks";
				PRODUCT_BUNDLE_IDENTIFIER = com.SilverJun.MoDoList.MoDoListWidget;
				PRODUCT_NAME = "$(TARGET_NAME)";
				SKIP_INSTALL = YES;
				TARGETED_DEVICE_FAMILY = 1;
			};
			name = Debug;
		};
		E26D1E561DA544CC00F3E95C /* Release */ = {
			isa = XCBuildConfiguration;
			buildSettings = {
				CODE_SIGN_ENTITLEMENTS = MoDoListWidget/MoDoListWidget.entitlements;
				CODE_SIGN_IDENTITY = "iPhone Developer";
				INFOPLIST_FILE = MoDoListWidget/Info.plist;
				IPHONEOS_DEPLOYMENT_TARGET = 8.0;
				LD_RUNPATH_SEARCH_PATHS = "$(inherited) @executable_path/Frameworks @executable_path/../../Frameworks";
				PRODUCT_BUNDLE_IDENTIFIER = com.SilverJun.MoDoList.MoDoListWidget;
				PRODUCT_NAME = "$(TARGET_NAME)";
				SKIP_INSTALL = YES;
				TARGETED_DEVICE_FAMILY = 1;
			};
			name = Release;
		};
		E2BBBEE11D7B118D003B58A3 /* Debug */ = {
			isa = XCBuildConfiguration;
			buildSettings = {
				ALWAYS_SEARCH_USER_PATHS = NO;
				CLANG_ANALYZER_NONNULL = YES;
				CLANG_CXX_LANGUAGE_STANDARD = "gnu++0x";
				CLANG_CXX_LIBRARY = "libc++";
				CLANG_ENABLE_MODULES = YES;
				CLANG_ENABLE_OBJC_ARC = YES;
				CLANG_WARN_BOOL_CONVERSION = YES;
				CLANG_WARN_CONSTANT_CONVERSION = YES;
				CLANG_WARN_DIRECT_OBJC_ISA_USAGE = YES_ERROR;
				CLANG_WARN_EMPTY_BODY = YES;
				CLANG_WARN_ENUM_CONVERSION = YES;
				CLANG_WARN_INT_CONVERSION = YES;
				CLANG_WARN_OBJC_ROOT_CLASS = YES_ERROR;
				CLANG_WARN_UNREACHABLE_CODE = YES;
				CLANG_WARN__DUPLICATE_METHOD_MATCH = YES;
				"CODE_SIGN_IDENTITY[sdk=iphoneos*]" = "iPhone Developer";
				COPY_PHASE_STRIP = NO;
				DEBUG_INFORMATION_FORMAT = dwarf;
				ENABLE_STRICT_OBJC_MSGSEND = YES;
				ENABLE_TESTABILITY = YES;
				GCC_C_LANGUAGE_STANDARD = gnu99;
				GCC_DYNAMIC_NO_PIC = NO;
				GCC_NO_COMMON_BLOCKS = YES;
				GCC_OPTIMIZATION_LEVEL = 0;
				GCC_PREPROCESSOR_DEFINITIONS = (
					"DEBUG=1",
					"$(inherited)",
				);
				GCC_WARN_64_TO_32_BIT_CONVERSION = YES;
				GCC_WARN_ABOUT_RETURN_TYPE = YES_ERROR;
				GCC_WARN_UNDECLARED_SELECTOR = YES;
				GCC_WARN_UNINITIALIZED_AUTOS = YES_AGGRESSIVE;
				GCC_WARN_UNUSED_FUNCTION = YES;
				GCC_WARN_UNUSED_VARIABLE = YES;
				IPHONEOS_DEPLOYMENT_TARGET = 8.0;
				MTL_ENABLE_DEBUG_INFO = YES;
				ONLY_ACTIVE_ARCH = YES;
				SDKROOT = iphoneos;
				SWIFT_OPTIMIZATION_LEVEL = "-Onone";
			};
			name = Debug;
		};
		E2BBBEE21D7B118D003B58A3 /* Release */ = {
			isa = XCBuildConfiguration;
			buildSettings = {
				ALWAYS_SEARCH_USER_PATHS = NO;
				CLANG_ANALYZER_NONNULL = YES;
				CLANG_CXX_LANGUAGE_STANDARD = "gnu++0x";
				CLANG_CXX_LIBRARY = "libc++";
				CLANG_ENABLE_MODULES = YES;
				CLANG_ENABLE_OBJC_ARC = YES;
				CLANG_WARN_BOOL_CONVERSION = YES;
				CLANG_WARN_CONSTANT_CONVERSION = YES;
				CLANG_WARN_DIRECT_OBJC_ISA_USAGE = YES_ERROR;
				CLANG_WARN_EMPTY_BODY = YES;
				CLANG_WARN_ENUM_CONVERSION = YES;
				CLANG_WARN_INT_CONVERSION = YES;
				CLANG_WARN_OBJC_ROOT_CLASS = YES_ERROR;
				CLANG_WARN_UNREACHABLE_CODE = YES;
				CLANG_WARN__DUPLICATE_METHOD_MATCH = YES;
				"CODE_SIGN_IDENTITY[sdk=iphoneos*]" = "iPhone Developer";
				COPY_PHASE_STRIP = NO;
				DEBUG_INFORMATION_FORMAT = "dwarf-with-dsym";
				ENABLE_NS_ASSERTIONS = NO;
				ENABLE_STRICT_OBJC_MSGSEND = YES;
				GCC_C_LANGUAGE_STANDARD = gnu99;
				GCC_NO_COMMON_BLOCKS = YES;
				GCC_WARN_64_TO_32_BIT_CONVERSION = YES;
				GCC_WARN_ABOUT_RETURN_TYPE = YES_ERROR;
				GCC_WARN_UNDECLARED_SELECTOR = YES;
				GCC_WARN_UNINITIALIZED_AUTOS = YES_AGGRESSIVE;
				GCC_WARN_UNUSED_FUNCTION = YES;
				GCC_WARN_UNUSED_VARIABLE = YES;
				IPHONEOS_DEPLOYMENT_TARGET = 8.0;
				MTL_ENABLE_DEBUG_INFO = NO;
				SDKROOT = iphoneos;
				VALIDATE_PRODUCT = YES;
			};
			name = Release;
		};
		E2BBBEE41D7B118D003B58A3 /* Debug */ = {
			isa = XCBuildConfiguration;
			buildSettings = {
				ASSETCATALOG_COMPILER_APPICON_NAME = AppIcon;
				CLANG_ENABLE_MODULES = YES;
				CODE_SIGN_ENTITLEMENTS = MoDoList/MoDoList.entitlements;
				CODE_SIGN_IDENTITY = "iPhone Developer";
				EMBEDDED_CONTENT_CONTAINS_SWIFT = YES;
				FRAMEWORK_SEARCH_PATHS = (
					"$(inherited)",
					"$(PROJECT_DIR)/MoDoList/FacebookSDK",
					"$(PROJECT_DIR)/MoDoList",
				);
				INFOPLIST_FILE = MoDoList/Info.plist;
				IPHONEOS_DEPLOYMENT_TARGET = 8.0;
				LD_RUNPATH_SEARCH_PATHS = "$(inherited) @executable_path/Frameworks";
				PRODUCT_BUNDLE_IDENTIFIER = com.SilverJun.MoDoList;
				PRODUCT_NAME = "$(TARGET_NAME)";
				SWIFT_OPTIMIZATION_LEVEL = "-Onone";
			};
			name = Debug;
		};
		E2BBBEE51D7B118D003B58A3 /* Release */ = {
			isa = XCBuildConfiguration;
			buildSettings = {
				ASSETCATALOG_COMPILER_APPICON_NAME = AppIcon;
				CLANG_ENABLE_MODULES = YES;
				CODE_SIGN_ENTITLEMENTS = MoDoList/MoDoList.entitlements;
				CODE_SIGN_IDENTITY = "iPhone Developer";
				EMBEDDED_CONTENT_CONTAINS_SWIFT = YES;
				FRAMEWORK_SEARCH_PATHS = (
					"$(inherited)",
					"$(PROJECT_DIR)/MoDoList/FacebookSDK",
					"$(PROJECT_DIR)/MoDoList",
				);
				INFOPLIST_FILE = MoDoList/Info.plist;
				IPHONEOS_DEPLOYMENT_TARGET = 8.0;
				LD_RUNPATH_SEARCH_PATHS = "$(inherited) @executable_path/Frameworks";
				PRODUCT_BUNDLE_IDENTIFIER = com.SilverJun.MoDoList;
				PRODUCT_NAME = "$(TARGET_NAME)";
			};
			name = Release;
		};
		E2BBBEE71D7B118D003B58A3 /* Debug */ = {
			isa = XCBuildConfiguration;
			buildSettings = {
				BUNDLE_LOADER = "$(TEST_HOST)";
				INFOPLIST_FILE = MoDoListTests/Info.plist;
				LD_RUNPATH_SEARCH_PATHS = "$(inherited) @executable_path/Frameworks @loader_path/Frameworks";
				PRODUCT_BUNDLE_IDENTIFIER = com.SilverJun.MoDoListTests;
				PRODUCT_NAME = "$(TARGET_NAME)";
				TEST_HOST = "$(BUILT_PRODUCTS_DIR)/MoDoList.app/MoDoList";
			};
			name = Debug;
		};
		E2BBBEE81D7B118D003B58A3 /* Release */ = {
			isa = XCBuildConfiguration;
			buildSettings = {
				BUNDLE_LOADER = "$(TEST_HOST)";
				INFOPLIST_FILE = MoDoListTests/Info.plist;
				LD_RUNPATH_SEARCH_PATHS = "$(inherited) @executable_path/Frameworks @loader_path/Frameworks";
				PRODUCT_BUNDLE_IDENTIFIER = com.SilverJun.MoDoListTests;
				PRODUCT_NAME = "$(TARGET_NAME)";
				TEST_HOST = "$(BUILT_PRODUCTS_DIR)/MoDoList.app/MoDoList";
			};
			name = Release;
		};
		E2BBBEEA1D7B118D003B58A3 /* Debug */ = {
			isa = XCBuildConfiguration;
			buildSettings = {
				INFOPLIST_FILE = MoDoListUITests/Info.plist;
				LD_RUNPATH_SEARCH_PATHS = "$(inherited) @executable_path/Frameworks @loader_path/Frameworks";
				PRODUCT_BUNDLE_IDENTIFIER = com.SilverJun.MoDoListUITests;
				PRODUCT_NAME = "$(TARGET_NAME)";
				TEST_TARGET_NAME = MoDoList;
			};
			name = Debug;
		};
		E2BBBEEB1D7B118D003B58A3 /* Release */ = {
			isa = XCBuildConfiguration;
			buildSettings = {
				INFOPLIST_FILE = MoDoListUITests/Info.plist;
				LD_RUNPATH_SEARCH_PATHS = "$(inherited) @executable_path/Frameworks @loader_path/Frameworks";
				PRODUCT_BUNDLE_IDENTIFIER = com.SilverJun.MoDoListUITests;
				PRODUCT_NAME = "$(TARGET_NAME)";
				TEST_TARGET_NAME = MoDoList;
			};
			name = Release;
		};
/* End XCBuildConfiguration section */

/* Begin XCConfigurationList section */
		E26D1E651DA544CC00F3E95C /* Build configuration list for PBXNativeTarget "MoDoListWidget" */ = {
			isa = XCConfigurationList;
			buildConfigurations = (
				E26D1E551DA544CC00F3E95C /* Debug */,
				E26D1E561DA544CC00F3E95C /* Release */,
			);
			defaultConfigurationIsVisible = 0;
			defaultConfigurationName = Release;
		};
		E2BBBEB61D7B118D003B58A3 /* Build configuration list for PBXProject "MoDoList" */ = {
			isa = XCConfigurationList;
			buildConfigurations = (
				E2BBBEE11D7B118D003B58A3 /* Debug */,
				E2BBBEE21D7B118D003B58A3 /* Release */,
			);
			defaultConfigurationIsVisible = 0;
			defaultConfigurationName = Release;
		};
		E2BBBEE31D7B118D003B58A3 /* Build configuration list for PBXNativeTarget "MoDoList" */ = {
			isa = XCConfigurationList;
			buildConfigurations = (
				E2BBBEE41D7B118D003B58A3 /* Debug */,
				E2BBBEE51D7B118D003B58A3 /* Release */,
			);
			defaultConfigurationIsVisible = 0;
			defaultConfigurationName = Release;
		};
		E2BBBEE61D7B118D003B58A3 /* Build configuration list for PBXNativeTarget "MoDoListTests" */ = {
			isa = XCConfigurationList;
			buildConfigurations = (
				E2BBBEE71D7B118D003B58A3 /* Debug */,
				E2BBBEE81D7B118D003B58A3 /* Release */,
			);
			defaultConfigurationIsVisible = 0;
			defaultConfigurationName = Release;
		};
		E2BBBEE91D7B118D003B58A3 /* Build configuration list for PBXNativeTarget "MoDoListUITests" */ = {
			isa = XCConfigurationList;
			buildConfigurations = (
				E2BBBEEA1D7B118D003B58A3 /* Debug */,
				E2BBBEEB1D7B118D003B58A3 /* Release */,
			);
			defaultConfigurationIsVisible = 0;
			defaultConfigurationName = Release;
		};
/* End XCConfigurationList section */
	};
	rootObject = E2BBBEB31D7B118D003B58A3 /* Project object */;
}
